// !$*UTF8*$!
{
	archiveVersion = 1;
	classes = {
	};
	objectVersion = 51;
	objects = {

/* Begin PBXBuildFile section */
		9C0B8C4622F10FC800F5446E /* PageViewController + Delegate.swift in Sources */ = {isa = PBXBuildFile; fileRef = 9C0B8C4522F10FC800F5446E /* PageViewController + Delegate.swift */; };
		9C0B8C4822F1126B00F5446E /* SmallBoxViewController + Default Load.swift in Sources */ = {isa = PBXBuildFile; fileRef = 9C0B8C4722F1126B00F5446E /* SmallBoxViewController + Default Load.swift */; };
		9C0B8C4A22F113CA00F5446E /* SmallBoxViewController + Reload.swift in Sources */ = {isa = PBXBuildFile; fileRef = 9C0B8C4922F113CA00F5446E /* SmallBoxViewController + Reload.swift */; };
		9C0B8C4C22F1185900F5446E /* SmallBoxViewController + Edit Label.swift in Sources */ = {isa = PBXBuildFile; fileRef = 9C0B8C4B22F1185900F5446E /* SmallBoxViewController + Edit Label.swift */; };
		9C0B8C4E22F15F3100F5446E /* SmallBoxViewController + SmallBoxPopUpDelegate.swift in Sources */ = {isa = PBXBuildFile; fileRef = 9C0B8C4D22F15F3100F5446E /* SmallBoxViewController + SmallBoxPopUpDelegate.swift */; };
		9C0B8C5022F15FFA00F5446E /* SmallBoxViewController + Show Box.swift in Sources */ = {isa = PBXBuildFile; fileRef = 9C0B8C4F22F15FFA00F5446E /* SmallBoxViewController + Show Box.swift */; };
		9C0B8C5222F161D800F5446E /* PopUpViewController + show, close animation.swift in Sources */ = {isa = PBXBuildFile; fileRef = 9C0B8C5122F161D800F5446E /* PopUpViewController + show, close animation.swift */; };
		9C0B8C5422F162BA00F5446E /* PopUpViewController + TableView Datasource Delegate.swift in Sources */ = {isa = PBXBuildFile; fileRef = 9C0B8C5322F162BA00F5446E /* PopUpViewController + TableView Datasource Delegate.swift */; };
		9C0B8C5622F1638F00F5446E /* PopUpViewController + TableView Delegate.swift in Sources */ = {isa = PBXBuildFile; fileRef = 9C0B8C5522F1638F00F5446E /* PopUpViewController + TableView Delegate.swift */; };
		9C0B8C5822F16A5100F5446E /* PopUpViewController + Expanding Cell Delegate.swift in Sources */ = {isa = PBXBuildFile; fileRef = 9C0B8C5722F16A5100F5446E /* PopUpViewController + Expanding Cell Delegate.swift */; };
		9C0B8C5A22F16AC900F5446E /* PopUpViewController + Drag.swift in Sources */ = {isa = PBXBuildFile; fileRef = 9C0B8C5922F16AC900F5446E /* PopUpViewController + Drag.swift */; };
		9C0B8C5C22F16B3600F5446E /* PopUpViewController + Drop.swift in Sources */ = {isa = PBXBuildFile; fileRef = 9C0B8C5B22F16B3600F5446E /* PopUpViewController + Drop.swift */; };
		9C0B8C5E22F16C8400F5446E /* PopUpViewController + Keyboard Op.swift in Sources */ = {isa = PBXBuildFile; fileRef = 9C0B8C5D22F16C8400F5446E /* PopUpViewController + Keyboard Op.swift */; };
		9C0B8C6022F16D8600F5446E /* PopUpViewController + ScrollViewDelegate.swift in Sources */ = {isa = PBXBuildFile; fileRef = 9C0B8C5F22F16D8600F5446E /* PopUpViewController + ScrollViewDelegate.swift */; };
		9C0B8C6222F16E3000F5446E /* PopUpViewController + AddTableViewCellDelegate.swift in Sources */ = {isa = PBXBuildFile; fileRef = 9C0B8C6122F16E3000F5446E /* PopUpViewController + AddTableViewCellDelegate.swift */; };
		9C0B8C6422F1716900F5446E /* PopUpViewController + TableCellTodoSmallBoxDelegate .swift in Sources */ = {isa = PBXBuildFile; fileRef = 9C0B8C6322F1716900F5446E /* PopUpViewController + TableCellTodoSmallBoxDelegate .swift */; };
		9C0B8C6622F1796E00F5446E /* BigBoxViewController + Reload .swift in Sources */ = {isa = PBXBuildFile; fileRef = 9C0B8C6522F1796E00F5446E /* BigBoxViewController + Reload .swift */; };
		9C0B8C6822F179E400F5446E /* BigBoxViewController + TableView DataSource Delegate.swift in Sources */ = {isa = PBXBuildFile; fileRef = 9C0B8C6722F179E400F5446E /* BigBoxViewController + TableView DataSource Delegate.swift */; };
		9C0B8C6A22F17A4100F5446E /* BigBoxViewController + ScrollViewDelegate.swift in Sources */ = {isa = PBXBuildFile; fileRef = 9C0B8C6922F17A4100F5446E /* BigBoxViewController + ScrollViewDelegate.swift */; };
		9C0B8C6C22F17A8F00F5446E /* BigBoxViewController + Keyboard Op.swift in Sources */ = {isa = PBXBuildFile; fileRef = 9C0B8C6B22F17A8F00F5446E /* BigBoxViewController + Keyboard Op.swift */; };
		9C0B8C6E22F17AD600F5446E /* BigBoxViewController + Expanding Cell Delegate.swift in Sources */ = {isa = PBXBuildFile; fileRef = 9C0B8C6D22F17AD600F5446E /* BigBoxViewController + Expanding Cell Delegate.swift */; };
		9C0B8C7122F17B8C00F5446E /* BigBoxViewController + TableCellTodoTodayBoxDelegate.swift in Sources */ = {isa = PBXBuildFile; fileRef = 9C0B8C7022F17B8C00F5446E /* BigBoxViewController + TableCellTodoTodayBoxDelegate.swift */; };
		9C13EFB621FC15FF00642F56 /* AppDelegate.swift in Sources */ = {isa = PBXBuildFile; fileRef = 9C13EFB521FC15FF00642F56 /* AppDelegate.swift */; };
		9C13EFBB21FC15FF00642F56 /* Main.storyboard in Resources */ = {isa = PBXBuildFile; fileRef = 9C13EFB921FC15FF00642F56 /* Main.storyboard */; };
		9C13EFC021FC15FF00642F56 /* Assets.xcassets in Resources */ = {isa = PBXBuildFile; fileRef = 9C13EFBF21FC15FF00642F56 /* Assets.xcassets */; };
		9C13EFC321FC15FF00642F56 /* LaunchScreen.storyboard in Resources */ = {isa = PBXBuildFile; fileRef = 9C13EFC121FC15FF00642F56 /* LaunchScreen.storyboard */; };
		9C13EFE721FC170600642F56 /* PageViewController.swift in Sources */ = {isa = PBXBuildFile; fileRef = 9C13EFE621FC170600642F56 /* PageViewController.swift */; };
		9C186DAB22F6953F007315B8 /* WalkthroughModel.swift in Sources */ = {isa = PBXBuildFile; fileRef = 9C186DAA22F6953F007315B8 /* WalkthroughModel.swift */; };
		9C186DAE22F69581007315B8 /* ViewControllerHelper.swift in Sources */ = {isa = PBXBuildFile; fileRef = 9C186DAD22F69581007315B8 /* ViewControllerHelper.swift */; };
		9C186DB122F6960C007315B8 /* SmallBoxViewController + Walkthrough.swift in Sources */ = {isa = PBXBuildFile; fileRef = 9C186DB022F6960C007315B8 /* SmallBoxViewController + Walkthrough.swift */; };
		9C186DB322F696A2007315B8 /* ATCClassicWalkthroughViewController.swift in Sources */ = {isa = PBXBuildFile; fileRef = 9C186DB222F696A2007315B8 /* ATCClassicWalkthroughViewController.swift */; };
		9C186DB522F696B4007315B8 /* ATCWalkthroughViewController.swift in Sources */ = {isa = PBXBuildFile; fileRef = 9C186DB422F696B4007315B8 /* ATCWalkthroughViewController.swift */; };
		9C186DBB22F7BDF3007315B8 /* Constants.swift in Sources */ = {isa = PBXBuildFile; fileRef = 9C186DBA22F7BDF3007315B8 /* Constants.swift */; };
		9C186DC022F92044007315B8 /* Localizable.strings in Resources */ = {isa = PBXBuildFile; fileRef = 9C186DC222F92044007315B8 /* Localizable.strings */; };
		9C186DC722FA83B8007315B8 /* ATCClassicWalkthroughViewController.xib in Resources */ = {isa = PBXBuildFile; fileRef = 9C186DC522FA83B7007315B8 /* ATCClassicWalkthroughViewController.xib */; };
		9C186DC822FA83B8007315B8 /* ATCWalkthroughViewController.xib in Resources */ = {isa = PBXBuildFile; fileRef = 9C186DC622FA83B7007315B8 /* ATCWalkthroughViewController.xib */; };
		9C186DCA22FD3E20007315B8 /* BigBoxViewController + Drag.swift in Sources */ = {isa = PBXBuildFile; fileRef = 9C186DC922FD3E1F007315B8 /* BigBoxViewController + Drag.swift */; };
		9C186DCC22FD4AA6007315B8 /* BigBoxViewController + Drop.swift in Sources */ = {isa = PBXBuildFile; fileRef = 9C186DCB22FD4AA6007315B8 /* BigBoxViewController + Drop.swift */; };
		9C1DB7302206935900C49EE9 /* SmallBoxViewController.swift in Sources */ = {isa = PBXBuildFile; fileRef = 9C1DB72F2206935900C49EE9 /* SmallBoxViewController.swift */; };
		9C1DB732220799F600C49EE9 /* BigBoxViewController.swift in Sources */ = {isa = PBXBuildFile; fileRef = 9C1DB731220799F600C49EE9 /* BigBoxViewController.swift */; };
		9C32FCE72254A73F00B9AEEF /* PopUpTextField.swift in Sources */ = {isa = PBXBuildFile; fileRef = 9C32FCE62254A73F00B9AEEF /* PopUpTextField.swift */; };
		9C32FCEB2257FDEE00B9AEEF /* PersistenceService.swift in Sources */ = {isa = PBXBuildFile; fileRef = 9C32FCEA2257FDEE00B9AEEF /* PersistenceService.swift */; };
		9C3434522230B72B00A8B923 /* AddTableViewCellBase.swift in Sources */ = {isa = PBXBuildFile; fileRef = 9C3434512230B72B00A8B923 /* AddTableViewCellBase.swift */; };
		9C3434542230E5AA00A8B923 /* PopUpTupleViewCell.swift in Sources */ = {isa = PBXBuildFile; fileRef = 9C3434532230E5AA00A8B923 /* PopUpTupleViewCell.swift */; };
		9C34345622319CCA00A8B923 /* PopUpAddSection.swift in Sources */ = {isa = PBXBuildFile; fileRef = 9C34345522319CCA00A8B923 /* PopUpAddSection.swift */; };
		9C6D124722475ABC003A7FD9 /* Todo.swift in Sources */ = {isa = PBXBuildFile; fileRef = 9C6D124622475ABC003A7FD9 /* Todo.swift */; };
		9C6D124A224763DE003A7FD9 /* DataModel.xcdatamodeld in Sources */ = {isa = PBXBuildFile; fileRef = 9C6D1248224763DE003A7FD9 /* DataModel.xcdatamodeld */; };
		9CC1CD3423028D09005789C3 /* giphy.gif in Resources */ = {isa = PBXBuildFile; fileRef = 9CC1CD3323028D09005789C3 /* giphy.gif */; };
		9CF9D3632207C57E00688F21 /* TodayTupleTableViewCell.swift in Sources */ = {isa = PBXBuildFile; fileRef = 9CF9D3622207C57E00688F21 /* TodayTupleTableViewCell.swift */; };
		9CF9D365220BBCC100688F21 /* PopUpViewController.swift in Sources */ = {isa = PBXBuildFile; fileRef = 9CF9D364220BBCC100688F21 /* PopUpViewController.swift */; };
		9CF9D3752218B43600688F21 /* ExpandableTableViewCellBase.swift in Sources */ = {isa = PBXBuildFile; fileRef = 9CF9D3742218B43600688F21 /* ExpandableTableViewCellBase.swift */; };
		C7A3325842BFFA1167CDE864 /* Pods_What_to_do_today_.framework in Frameworks */ = {isa = PBXBuildFile; fileRef = 750B5C4BE52305726183D0C6 /* Pods_What_to_do_today_.framework */; };
/* End PBXBuildFile section */

/* Begin PBXFileReference section */
		2B7C5E8C039EB74E50EB90E4 /* Pods-What to-do today?.debug.xcconfig */ = {isa = PBXFileReference; includeInIndex = 1; lastKnownFileType = text.xcconfig; name = "Pods-What to-do today?.debug.xcconfig"; path = "Target Support Files/Pods-What to-do today?/Pods-What to-do today?.debug.xcconfig"; sourceTree = "<group>"; };
		4438DF1FC6EB01DE51D1818A /* Pods-What to-do today?.release.xcconfig */ = {isa = PBXFileReference; includeInIndex = 1; lastKnownFileType = text.xcconfig; name = "Pods-What to-do today?.release.xcconfig"; path = "Target Support Files/Pods-What to-do today?/Pods-What to-do today?.release.xcconfig"; sourceTree = "<group>"; };
		750B5C4BE52305726183D0C6 /* Pods_What_to_do_today_.framework */ = {isa = PBXFileReference; explicitFileType = wrapper.framework; includeInIndex = 0; path = Pods_What_to_do_today_.framework; sourceTree = BUILT_PRODUCTS_DIR; };
		9C0B8C4522F10FC800F5446E /* PageViewController + Delegate.swift */ = {isa = PBXFileReference; lastKnownFileType = sourcecode.swift; path = "PageViewController + Delegate.swift"; sourceTree = "<group>"; };
		9C0B8C4722F1126B00F5446E /* SmallBoxViewController + Default Load.swift */ = {isa = PBXFileReference; lastKnownFileType = sourcecode.swift; path = "SmallBoxViewController + Default Load.swift"; sourceTree = "<group>"; };
		9C0B8C4922F113CA00F5446E /* SmallBoxViewController + Reload.swift */ = {isa = PBXFileReference; lastKnownFileType = sourcecode.swift; path = "SmallBoxViewController + Reload.swift"; sourceTree = "<group>"; };
		9C0B8C4B22F1185900F5446E /* SmallBoxViewController + Edit Label.swift */ = {isa = PBXFileReference; lastKnownFileType = sourcecode.swift; path = "SmallBoxViewController + Edit Label.swift"; sourceTree = "<group>"; };
		9C0B8C4D22F15F3100F5446E /* SmallBoxViewController + SmallBoxPopUpDelegate.swift */ = {isa = PBXFileReference; lastKnownFileType = sourcecode.swift; path = "SmallBoxViewController + SmallBoxPopUpDelegate.swift"; sourceTree = "<group>"; };
		9C0B8C4F22F15FFA00F5446E /* SmallBoxViewController + Show Box.swift */ = {isa = PBXFileReference; lastKnownFileType = sourcecode.swift; path = "SmallBoxViewController + Show Box.swift"; sourceTree = "<group>"; };
		9C0B8C5122F161D800F5446E /* PopUpViewController + show, close animation.swift */ = {isa = PBXFileReference; lastKnownFileType = sourcecode.swift; path = "PopUpViewController + show, close animation.swift"; sourceTree = "<group>"; };
		9C0B8C5322F162BA00F5446E /* PopUpViewController + TableView Datasource Delegate.swift */ = {isa = PBXFileReference; lastKnownFileType = sourcecode.swift; path = "PopUpViewController + TableView Datasource Delegate.swift"; sourceTree = "<group>"; };
		9C0B8C5522F1638F00F5446E /* PopUpViewController + TableView Delegate.swift */ = {isa = PBXFileReference; lastKnownFileType = sourcecode.swift; path = "PopUpViewController + TableView Delegate.swift"; sourceTree = "<group>"; };
		9C0B8C5722F16A5100F5446E /* PopUpViewController + Expanding Cell Delegate.swift */ = {isa = PBXFileReference; lastKnownFileType = sourcecode.swift; path = "PopUpViewController + Expanding Cell Delegate.swift"; sourceTree = "<group>"; };
		9C0B8C5922F16AC900F5446E /* PopUpViewController + Drag.swift */ = {isa = PBXFileReference; lastKnownFileType = sourcecode.swift; path = "PopUpViewController + Drag.swift"; sourceTree = "<group>"; };
		9C0B8C5B22F16B3600F5446E /* PopUpViewController + Drop.swift */ = {isa = PBXFileReference; lastKnownFileType = sourcecode.swift; path = "PopUpViewController + Drop.swift"; sourceTree = "<group>"; };
		9C0B8C5D22F16C8400F5446E /* PopUpViewController + Keyboard Op.swift */ = {isa = PBXFileReference; lastKnownFileType = sourcecode.swift; path = "PopUpViewController + Keyboard Op.swift"; sourceTree = "<group>"; };
		9C0B8C5F22F16D8600F5446E /* PopUpViewController + ScrollViewDelegate.swift */ = {isa = PBXFileReference; lastKnownFileType = sourcecode.swift; path = "PopUpViewController + ScrollViewDelegate.swift"; sourceTree = "<group>"; };
		9C0B8C6122F16E3000F5446E /* PopUpViewController + AddTableViewCellDelegate.swift */ = {isa = PBXFileReference; lastKnownFileType = sourcecode.swift; path = "PopUpViewController + AddTableViewCellDelegate.swift"; sourceTree = "<group>"; };
		9C0B8C6322F1716900F5446E /* PopUpViewController + TableCellTodoSmallBoxDelegate .swift */ = {isa = PBXFileReference; lastKnownFileType = sourcecode.swift; path = "PopUpViewController + TableCellTodoSmallBoxDelegate .swift"; sourceTree = "<group>"; };
		9C0B8C6522F1796E00F5446E /* BigBoxViewController + Reload .swift */ = {isa = PBXFileReference; lastKnownFileType = sourcecode.swift; path = "BigBoxViewController + Reload .swift"; sourceTree = "<group>"; };
		9C0B8C6722F179E400F5446E /* BigBoxViewController + TableView DataSource Delegate.swift */ = {isa = PBXFileReference; lastKnownFileType = sourcecode.swift; path = "BigBoxViewController + TableView DataSource Delegate.swift"; sourceTree = "<group>"; };
		9C0B8C6922F17A4100F5446E /* BigBoxViewController + ScrollViewDelegate.swift */ = {isa = PBXFileReference; lastKnownFileType = sourcecode.swift; path = "BigBoxViewController + ScrollViewDelegate.swift"; sourceTree = "<group>"; };
		9C0B8C6B22F17A8F00F5446E /* BigBoxViewController + Keyboard Op.swift */ = {isa = PBXFileReference; lastKnownFileType = sourcecode.swift; path = "BigBoxViewController + Keyboard Op.swift"; sourceTree = "<group>"; };
		9C0B8C6D22F17AD600F5446E /* BigBoxViewController + Expanding Cell Delegate.swift */ = {isa = PBXFileReference; lastKnownFileType = sourcecode.swift; path = "BigBoxViewController + Expanding Cell Delegate.swift"; sourceTree = "<group>"; };
		9C0B8C7022F17B8C00F5446E /* BigBoxViewController + TableCellTodoTodayBoxDelegate.swift */ = {isa = PBXFileReference; lastKnownFileType = sourcecode.swift; path = "BigBoxViewController + TableCellTodoTodayBoxDelegate.swift"; sourceTree = "<group>"; };
		9C13EFB221FC15FF00642F56 /* What to-do today?.app */ = {isa = PBXFileReference; explicitFileType = wrapper.application; includeInIndex = 0; path = "What to-do today?.app"; sourceTree = BUILT_PRODUCTS_DIR; };
		9C13EFB521FC15FF00642F56 /* AppDelegate.swift */ = {isa = PBXFileReference; lastKnownFileType = sourcecode.swift; path = AppDelegate.swift; sourceTree = "<group>"; };
		9C13EFBA21FC15FF00642F56 /* Base */ = {isa = PBXFileReference; lastKnownFileType = file.storyboard; name = Base; path = Base.lproj/Main.storyboard; sourceTree = "<group>"; };
		9C13EFBF21FC15FF00642F56 /* Assets.xcassets */ = {isa = PBXFileReference; lastKnownFileType = folder.assetcatalog; path = Assets.xcassets; sourceTree = "<group>"; };
		9C13EFC221FC15FF00642F56 /* Base */ = {isa = PBXFileReference; lastKnownFileType = file.storyboard; name = Base; path = Base.lproj/LaunchScreen.storyboard; sourceTree = "<group>"; };
		9C13EFC421FC15FF00642F56 /* Info.plist */ = {isa = PBXFileReference; lastKnownFileType = text.plist.xml; path = Info.plist; sourceTree = "<group>"; };
		9C13EFE621FC170600642F56 /* PageViewController.swift */ = {isa = PBXFileReference; lastKnownFileType = sourcecode.swift; path = PageViewController.swift; sourceTree = "<group>"; };
		9C186DAA22F6953F007315B8 /* WalkthroughModel.swift */ = {isa = PBXFileReference; lastKnownFileType = sourcecode.swift; path = WalkthroughModel.swift; sourceTree = "<group>"; };
		9C186DAD22F69581007315B8 /* ViewControllerHelper.swift */ = {isa = PBXFileReference; lastKnownFileType = sourcecode.swift; path = ViewControllerHelper.swift; sourceTree = "<group>"; };
		9C186DB022F6960C007315B8 /* SmallBoxViewController + Walkthrough.swift */ = {isa = PBXFileReference; lastKnownFileType = sourcecode.swift; path = "SmallBoxViewController + Walkthrough.swift"; sourceTree = "<group>"; };
		9C186DB222F696A2007315B8 /* ATCClassicWalkthroughViewController.swift */ = {isa = PBXFileReference; lastKnownFileType = sourcecode.swift; path = ATCClassicWalkthroughViewController.swift; sourceTree = "<group>"; };
		9C186DB422F696B4007315B8 /* ATCWalkthroughViewController.swift */ = {isa = PBXFileReference; lastKnownFileType = sourcecode.swift; path = ATCWalkthroughViewController.swift; sourceTree = "<group>"; };
		9C186DBA22F7BDF3007315B8 /* Constants.swift */ = {isa = PBXFileReference; lastKnownFileType = sourcecode.swift; path = Constants.swift; sourceTree = "<group>"; };
		9C186DBC22F91EE1007315B8 /* zh-Hant */ = {isa = PBXFileReference; lastKnownFileType = text.plist.strings; name = "zh-Hant"; path = "zh-Hant.lproj/Main.strings"; sourceTree = "<group>"; };
		9C186DBD22F91EE2007315B8 /* zh-Hant */ = {isa = PBXFileReference; lastKnownFileType = text.plist.strings; name = "zh-Hant"; path = "zh-Hant.lproj/LaunchScreen.strings"; sourceTree = "<group>"; };
		9C186DC322F92844007315B8 /* en */ = {isa = PBXFileReference; lastKnownFileType = text.plist.strings; name = en; path = en.lproj/Localizable.strings; sourceTree = "<group>"; };
		9C186DC422F928F4007315B8 /* zh-Hant */ = {isa = PBXFileReference; lastKnownFileType = text.plist.strings; name = "zh-Hant"; path = "zh-Hant.lproj/Localizable.strings"; sourceTree = "<group>"; };
		9C186DC522FA83B7007315B8 /* ATCClassicWalkthroughViewController.xib */ = {isa = PBXFileReference; fileEncoding = 4; lastKnownFileType = file.xib; path = ATCClassicWalkthroughViewController.xib; sourceTree = "<group>"; };
		9C186DC622FA83B7007315B8 /* ATCWalkthroughViewController.xib */ = {isa = PBXFileReference; fileEncoding = 4; lastKnownFileType = file.xib; path = ATCWalkthroughViewController.xib; sourceTree = "<group>"; };
		9C186DC922FD3E1F007315B8 /* BigBoxViewController + Drag.swift */ = {isa = PBXFileReference; lastKnownFileType = sourcecode.swift; path = "BigBoxViewController + Drag.swift"; sourceTree = "<group>"; };
		9C186DCB22FD4AA6007315B8 /* BigBoxViewController + Drop.swift */ = {isa = PBXFileReference; lastKnownFileType = sourcecode.swift; path = "BigBoxViewController + Drop.swift"; sourceTree = "<group>"; };
		9C1DB72F2206935900C49EE9 /* SmallBoxViewController.swift */ = {isa = PBXFileReference; lastKnownFileType = sourcecode.swift; path = SmallBoxViewController.swift; sourceTree = "<group>"; };
		9C1DB731220799F600C49EE9 /* BigBoxViewController.swift */ = {isa = PBXFileReference; lastKnownFileType = sourcecode.swift; path = BigBoxViewController.swift; sourceTree = "<group>"; };
		9C32FCE62254A73F00B9AEEF /* PopUpTextField.swift */ = {isa = PBXFileReference; lastKnownFileType = sourcecode.swift; path = PopUpTextField.swift; sourceTree = "<group>"; };
		9C32FCEA2257FDEE00B9AEEF /* PersistenceService.swift */ = {isa = PBXFileReference; lastKnownFileType = sourcecode.swift; path = PersistenceService.swift; sourceTree = "<group>"; };
		9C3434512230B72B00A8B923 /* AddTableViewCellBase.swift */ = {isa = PBXFileReference; lastKnownFileType = sourcecode.swift; path = AddTableViewCellBase.swift; sourceTree = "<group>"; };
		9C3434532230E5AA00A8B923 /* PopUpTupleViewCell.swift */ = {isa = PBXFileReference; lastKnownFileType = sourcecode.swift; path = PopUpTupleViewCell.swift; sourceTree = "<group>"; };
		9C34345522319CCA00A8B923 /* PopUpAddSection.swift */ = {isa = PBXFileReference; lastKnownFileType = sourcecode.swift; path = PopUpAddSection.swift; sourceTree = "<group>"; };
		9C6D124622475ABC003A7FD9 /* Todo.swift */ = {isa = PBXFileReference; lastKnownFileType = sourcecode.swift; path = Todo.swift; sourceTree = "<group>"; };
		9C6D1249224763DE003A7FD9 /* Model.xcdatamodel */ = {isa = PBXFileReference; lastKnownFileType = wrapper.xcdatamodel; path = Model.xcdatamodel; sourceTree = "<group>"; };
		9CC1CD3323028D09005789C3 /* giphy.gif */ = {isa = PBXFileReference; lastKnownFileType = image.gif; path = giphy.gif; sourceTree = "<group>"; };
		9CF9D3622207C57E00688F21 /* TodayTupleTableViewCell.swift */ = {isa = PBXFileReference; lastKnownFileType = sourcecode.swift; path = TodayTupleTableViewCell.swift; sourceTree = "<group>"; };
		9CF9D364220BBCC100688F21 /* PopUpViewController.swift */ = {isa = PBXFileReference; lastKnownFileType = sourcecode.swift; path = PopUpViewController.swift; sourceTree = "<group>"; };
		9CF9D3742218B43600688F21 /* ExpandableTableViewCellBase.swift */ = {isa = PBXFileReference; lastKnownFileType = sourcecode.swift; path = ExpandableTableViewCellBase.swift; sourceTree = "<group>"; };
/* End PBXFileReference section */

/* Begin PBXFrameworksBuildPhase section */
		9C13EFAF21FC15FF00642F56 /* Frameworks */ = {
			isa = PBXFrameworksBuildPhase;
			buildActionMask = 2147483647;
			files = (
				C7A3325842BFFA1167CDE864 /* Pods_What_to_do_today_.framework in Frameworks */,
			);
			runOnlyForDeploymentPostprocessing = 0;
		};
/* End PBXFrameworksBuildPhase section */

/* Begin PBXGroup section */
		9C0B8C3C22F0376300F5446E /* PopUpViewController */ = {
			isa = PBXGroup;
			children = (
				9CF9D364220BBCC100688F21 /* PopUpViewController.swift */,
				9C0B8C5122F161D800F5446E /* PopUpViewController + show, close animation.swift */,
				9C0B8C5322F162BA00F5446E /* PopUpViewController + TableView Datasource Delegate.swift */,
				9C0B8C5522F1638F00F5446E /* PopUpViewController + TableView Delegate.swift */,
				9C0B8C5722F16A5100F5446E /* PopUpViewController + Expanding Cell Delegate.swift */,
				9C0B8C5922F16AC900F5446E /* PopUpViewController + Drag.swift */,
				9C0B8C5B22F16B3600F5446E /* PopUpViewController + Drop.swift */,
				9C0B8C5D22F16C8400F5446E /* PopUpViewController + Keyboard Op.swift */,
				9C0B8C5F22F16D8600F5446E /* PopUpViewController + ScrollViewDelegate.swift */,
				9C0B8C6122F16E3000F5446E /* PopUpViewController + AddTableViewCellDelegate.swift */,
				9C0B8C6322F1716900F5446E /* PopUpViewController + TableCellTodoSmallBoxDelegate .swift */,
			);
			path = PopUpViewController;
			sourceTree = "<group>";
		};
		9C0B8C3D22F0378B00F5446E /* PopUp Component */ = {
			isa = PBXGroup;
			children = (
				9C3434532230E5AA00A8B923 /* PopUpTupleViewCell.swift */,
				9C34345522319CCA00A8B923 /* PopUpAddSection.swift */,
				9C32FCE62254A73F00B9AEEF /* PopUpTextField.swift */,
			);
			path = "PopUp Component";
			sourceTree = "<group>";
		};
		9C0B8C3E22F037CC00F5446E /* BigBoxViewController */ = {
			isa = PBXGroup;
			children = (
				9C1DB731220799F600C49EE9 /* BigBoxViewController.swift */,
				9C186DC922FD3E1F007315B8 /* BigBoxViewController + Drag.swift */,
				9C186DCB22FD4AA6007315B8 /* BigBoxViewController + Drop.swift */,
				9C0B8C6522F1796E00F5446E /* BigBoxViewController + Reload .swift */,
				9C0B8C6722F179E400F5446E /* BigBoxViewController + TableView DataSource Delegate.swift */,
				9C0B8C6922F17A4100F5446E /* BigBoxViewController + ScrollViewDelegate.swift */,
				9C0B8C6B22F17A8F00F5446E /* BigBoxViewController + Keyboard Op.swift */,
				9C0B8C6D22F17AD600F5446E /* BigBoxViewController + Expanding Cell Delegate.swift */,
				9C0B8C7022F17B8C00F5446E /* BigBoxViewController + TableCellTodoTodayBoxDelegate.swift */,
			);
			path = BigBoxViewController;
			sourceTree = "<group>";
		};
		9C0B8C4022F0380400F5446E /* Today View Component */ = {
			isa = PBXGroup;
			children = (
				9CF9D3622207C57E00688F21 /* TodayTupleTableViewCell.swift */,
			);
			path = "Today View Component";
			sourceTree = "<group>";
		};
		9C0B8C4122F0387C00F5446E /* SmallBoxViewController */ = {
			isa = PBXGroup;
			children = (
				9C1DB72F2206935900C49EE9 /* SmallBoxViewController.swift */,
				9C0B8C4F22F15FFA00F5446E /* SmallBoxViewController + Show Box.swift */,
				9C0B8C4D22F15F3100F5446E /* SmallBoxViewController + SmallBoxPopUpDelegate.swift */,
				9C0B8C4722F1126B00F5446E /* SmallBoxViewController + Default Load.swift */,
				9C0B8C4922F113CA00F5446E /* SmallBoxViewController + Reload.swift */,
				9C0B8C4B22F1185900F5446E /* SmallBoxViewController + Edit Label.swift */,
			);
			path = SmallBoxViewController;
			sourceTree = "<group>";
		};
		9C0B8C4222F0388D00F5446E /* PageViewController */ = {
			isa = PBXGroup;
			children = (
				9C13EFE621FC170600642F56 /* PageViewController.swift */,
				9C0B8C4522F10FC800F5446E /* PageViewController + Delegate.swift */,
			);
			path = PageViewController;
			sourceTree = "<group>";
		};
		9C0B8C4322F0390400F5446E /* Component Base */ = {
			isa = PBXGroup;
			children = (
				9C3434512230B72B00A8B923 /* AddTableViewCellBase.swift */,
				9CF9D3742218B43600688F21 /* ExpandableTableViewCellBase.swift */,
			);
			path = "Component Base";
			sourceTree = "<group>";
		};
		9C0B8C4422F0391600F5446E /* Model */ = {
			isa = PBXGroup;
			children = (
				9C32FCEA2257FDEE00B9AEEF /* PersistenceService.swift */,
				9C6D124622475ABC003A7FD9 /* Todo.swift */,
				9C186DBA22F7BDF3007315B8 /* Constants.swift */,
			);
			path = Model;
			sourceTree = "<group>";
		};
		9C13EFA921FC15FF00642F56 = {
			isa = PBXGroup;
			children = (
				9C13EFB421FC15FF00642F56 /* What to-do today? */,
				9C13EFB321FC15FF00642F56 /* Products */,
				D29AF4C880E58B9F3C905333 /* Pods */,
				D84D756D0D168A14946450F1 /* Frameworks */,
			);
			sourceTree = "<group>";
		};
		9C13EFB321FC15FF00642F56 /* Products */ = {
			isa = PBXGroup;
			children = (
				9C13EFB221FC15FF00642F56 /* What to-do today?.app */,
			);
			name = Products;
			sourceTree = "<group>";
		};
		9C13EFB421FC15FF00642F56 /* What to-do today? */ = {
			isa = PBXGroup;
			children = (
				9CC1CD3223028CFB005789C3 /* Image */,
				9C186DA822F694DA007315B8 /* Onboarding Walkthrough */,
				9C0B8C4422F0391600F5446E /* Model */,
				9C0B8C4322F0390400F5446E /* Component Base */,
				9C0B8C4222F0388D00F5446E /* PageViewController */,
				9C0B8C4122F0387C00F5446E /* SmallBoxViewController */,
				9CA392BC224AF479008E4622 /* PopUp View */,
				9CF9D36E220CEDE800688F21 /* Today View Controller */,
				9C13EFB921FC15FF00642F56 /* Main.storyboard */,
				9C13EFC121FC15FF00642F56 /* LaunchScreen.storyboard */,
				9C13EFB521FC15FF00642F56 /* AppDelegate.swift */,
				9C6D1248224763DE003A7FD9 /* DataModel.xcdatamodeld */,
				9C13EFBF21FC15FF00642F56 /* Assets.xcassets */,
				9C13EFC421FC15FF00642F56 /* Info.plist */,
				9C186DC222F92044007315B8 /* Localizable.strings */,
			);
			path = "What to-do today?";
			sourceTree = "<group>";
		};
		9C186DA822F694DA007315B8 /* Onboarding Walkthrough */ = {
			isa = PBXGroup;
			children = (
				9C186DAF22F695EE007315B8 /* View Controllers */,
				9C186DAC22F6956B007315B8 /* Helper */,
				9C186DA922F6952B007315B8 /* Model */,
			);
			path = "Onboarding Walkthrough";
			sourceTree = "<group>";
		};
		9C186DA922F6952B007315B8 /* Model */ = {
			isa = PBXGroup;
			children = (
				9C186DAA22F6953F007315B8 /* WalkthroughModel.swift */,
			);
			path = Model;
			sourceTree = "<group>";
		};
		9C186DAC22F6956B007315B8 /* Helper */ = {
			isa = PBXGroup;
			children = (
				9C186DAD22F69581007315B8 /* ViewControllerHelper.swift */,
			);
			path = Helper;
			sourceTree = "<group>";
		};
		9C186DAF22F695EE007315B8 /* View Controllers */ = {
			isa = PBXGroup;
			children = (
				9C186DB022F6960C007315B8 /* SmallBoxViewController + Walkthrough.swift */,
				9C186DB222F696A2007315B8 /* ATCClassicWalkthroughViewController.swift */,
				9C186DC522FA83B7007315B8 /* ATCClassicWalkthroughViewController.xib */,
				9C186DC622FA83B7007315B8 /* ATCWalkthroughViewController.xib */,
				9C186DB422F696B4007315B8 /* ATCWalkthroughViewController.swift */,
			);
			path = "View Controllers";
			sourceTree = "<group>";
		};
		9CA392BC224AF479008E4622 /* PopUp View */ = {
			isa = PBXGroup;
			children = (
				9C0B8C3C22F0376300F5446E /* PopUpViewController */,
				9C0B8C3D22F0378B00F5446E /* PopUp Component */,
			);
			path = "PopUp View";
			sourceTree = "<group>";
		};
		9CC1CD3223028CFB005789C3 /* Image */ = {
			isa = PBXGroup;
			children = (
				9CC1CD3323028D09005789C3 /* giphy.gif */,
			);
			path = Image;
			sourceTree = "<group>";
		};
		9CF9D36E220CEDE800688F21 /* Today View Controller */ = {
			isa = PBXGroup;
			children = (
				9C0B8C4022F0380400F5446E /* Today View Component */,
				9C0B8C3E22F037CC00F5446E /* BigBoxViewController */,
			);
			path = "Today View Controller";
			sourceTree = "<group>";
		};
		D29AF4C880E58B9F3C905333 /* Pods */ = {
			isa = PBXGroup;
			children = (
				2B7C5E8C039EB74E50EB90E4 /* Pods-What to-do today?.debug.xcconfig */,
				4438DF1FC6EB01DE51D1818A /* Pods-What to-do today?.release.xcconfig */,
			);
			path = Pods;
			sourceTree = "<group>";
		};
		D84D756D0D168A14946450F1 /* Frameworks */ = {
			isa = PBXGroup;
			children = (
				750B5C4BE52305726183D0C6 /* Pods_What_to_do_today_.framework */,
			);
			name = Frameworks;
			sourceTree = "<group>";
		};
/* End PBXGroup section */

/* Begin PBXNativeTarget section */
		9C13EFB121FC15FF00642F56 /* What to-do today? */ = {
			isa = PBXNativeTarget;
			buildConfigurationList = 9C13EFDD21FC160000642F56 /* Build configuration list for PBXNativeTarget "What to-do today?" */;
			buildPhases = (
				E93E0EE40C8ADC331C409C02 /* [CP] Check Pods Manifest.lock */,
				9C13EFAE21FC15FF00642F56 /* Sources */,
				9C13EFAF21FC15FF00642F56 /* Frameworks */,
				9C13EFB021FC15FF00642F56 /* Resources */,
				B5026C2180BBDF68606BB189 /* [CP] Embed Pods Frameworks */,
			);
			buildRules = (
			);
			dependencies = (
			);
			name = "What to-do today?";
			productName = "What to-do today?";
			productReference = 9C13EFB221FC15FF00642F56 /* What to-do today?.app */;
			productType = "com.apple.product-type.application";
		};
/* End PBXNativeTarget section */

/* Begin PBXProject section */
		9C13EFAA21FC15FF00642F56 /* Project object */ = {
			isa = PBXProject;
			attributes = {
				LastSwiftUpdateCheck = 1010;
				LastUpgradeCheck = 1010;
				ORGANIZATIONNAME = "Jayson Chen";
				TargetAttributes = {
					9C13EFB121FC15FF00642F56 = {
						CreatedOnToolsVersion = 10.1;
					};
				};
			};
			buildConfigurationList = 9C13EFAD21FC15FF00642F56 /* Build configuration list for PBXProject "What to-do today?" */;
			compatibilityVersion = "Xcode 9.3";
			developmentRegion = en;
			hasScannedForEncodings = 0;
			knownRegions = (
				en,
				Base,
				"zh-Hant",
			);
			mainGroup = 9C13EFA921FC15FF00642F56;
			productRefGroup = 9C13EFB321FC15FF00642F56 /* Products */;
			projectDirPath = "";
			projectRoot = "";
			targets = (
				9C13EFB121FC15FF00642F56 /* What to-do today? */,
			);
		};
/* End PBXProject section */

/* Begin PBXResourcesBuildPhase section */
		9C13EFB021FC15FF00642F56 /* Resources */ = {
			isa = PBXResourcesBuildPhase;
			buildActionMask = 2147483647;
			files = (
				9CC1CD3423028D09005789C3 /* giphy.gif in Resources */,
				9C186DC822FA83B8007315B8 /* ATCWalkthroughViewController.xib in Resources */,
				9C186DC722FA83B8007315B8 /* ATCClassicWalkthroughViewController.xib in Resources */,
				9C13EFC321FC15FF00642F56 /* LaunchScreen.storyboard in Resources */,
				9C186DC022F92044007315B8 /* Localizable.strings in Resources */,
				9C13EFC021FC15FF00642F56 /* Assets.xcassets in Resources */,
				9C13EFBB21FC15FF00642F56 /* Main.storyboard in Resources */,
			);
			runOnlyForDeploymentPostprocessing = 0;
		};
/* End PBXResourcesBuildPhase section */

/* Begin PBXShellScriptBuildPhase section */
		B5026C2180BBDF68606BB189 /* [CP] Embed Pods Frameworks */ = {
			isa = PBXShellScriptBuildPhase;
			buildActionMask = 2147483647;
			files = (
			);
			inputFileListPaths = (
				"${PODS_ROOT}/Target Support Files/Pods-What to-do today?/Pods-What to-do today?-frameworks-${CONFIGURATION}-input-files.xcfilelist",
			);
			name = "[CP] Embed Pods Frameworks";
			outputFileListPaths = (
				"${PODS_ROOT}/Target Support Files/Pods-What to-do today?/Pods-What to-do today?-frameworks-${CONFIGURATION}-output-files.xcfilelist",
			);
			runOnlyForDeploymentPostprocessing = 0;
			shellPath = /bin/sh;
			shellScript = "\"${PODS_ROOT}/Target Support Files/Pods-What to-do today?/Pods-What to-do today?-frameworks.sh\"\n";
			showEnvVarsInLog = 0;
		};
		E93E0EE40C8ADC331C409C02 /* [CP] Check Pods Manifest.lock */ = {
			isa = PBXShellScriptBuildPhase;
			buildActionMask = 2147483647;
			files = (
			);
			inputFileListPaths = (
			);
			inputPaths = (
				"${PODS_PODFILE_DIR_PATH}/Podfile.lock",
				"${PODS_ROOT}/Manifest.lock",
			);
			name = "[CP] Check Pods Manifest.lock";
			outputFileListPaths = (
			);
			outputPaths = (
				"$(DERIVED_FILE_DIR)/Pods-What to-do today?-checkManifestLockResult.txt",
			);
			runOnlyForDeploymentPostprocessing = 0;
			shellPath = /bin/sh;
			shellScript = "diff \"${PODS_PODFILE_DIR_PATH}/Podfile.lock\" \"${PODS_ROOT}/Manifest.lock\" > /dev/null\nif [ $? != 0 ] ; then\n    # print error to STDERR\n    echo \"error: The sandbox is not in sync with the Podfile.lock. Run 'pod install' or update your CocoaPods installation.\" >&2\n    exit 1\nfi\n# This output is used by Xcode 'outputs' to avoid re-running this script phase.\necho \"SUCCESS\" > \"${SCRIPT_OUTPUT_FILE_0}\"\n";
			showEnvVarsInLog = 0;
		};
/* End PBXShellScriptBuildPhase section */

/* Begin PBXSourcesBuildPhase section */
		9C13EFAE21FC15FF00642F56 /* Sources */ = {
			isa = PBXSourcesBuildPhase;
			buildActionMask = 2147483647;
			files = (
				9C0B8C4A22F113CA00F5446E /* SmallBoxViewController + Reload.swift in Sources */,
				9CF9D3632207C57E00688F21 /* TodayTupleTableViewCell.swift in Sources */,
				9C6D124A224763DE003A7FD9 /* DataModel.xcdatamodeld in Sources */,
				9C0B8C6822F179E400F5446E /* BigBoxViewController + TableView DataSource Delegate.swift in Sources */,
				9C1DB7302206935900C49EE9 /* SmallBoxViewController.swift in Sources */,
				9C0B8C6E22F17AD600F5446E /* BigBoxViewController + Expanding Cell Delegate.swift in Sources */,
				9C186DCA22FD3E20007315B8 /* BigBoxViewController + Drag.swift in Sources */,
				9C0B8C6022F16D8600F5446E /* PopUpViewController + ScrollViewDelegate.swift in Sources */,
				9C3434522230B72B00A8B923 /* AddTableViewCellBase.swift in Sources */,
				9C0B8C6622F1796E00F5446E /* BigBoxViewController + Reload .swift in Sources */,
				9C186DCC22FD4AA6007315B8 /* BigBoxViewController + Drop.swift in Sources */,
				9C186DB322F696A2007315B8 /* ATCClassicWalkthroughViewController.swift in Sources */,
				9C0B8C5822F16A5100F5446E /* PopUpViewController + Expanding Cell Delegate.swift in Sources */,
				9C186DBB22F7BDF3007315B8 /* Constants.swift in Sources */,
				9C34345622319CCA00A8B923 /* PopUpAddSection.swift in Sources */,
				9C13EFE721FC170600642F56 /* PageViewController.swift in Sources */,
				9C0B8C5622F1638F00F5446E /* PopUpViewController + TableView Delegate.swift in Sources */,
				9C6D124722475ABC003A7FD9 /* Todo.swift in Sources */,
				9C0B8C5C22F16B3600F5446E /* PopUpViewController + Drop.swift in Sources */,
				9C186DB122F6960C007315B8 /* SmallBoxViewController + Walkthrough.swift in Sources */,
				9C0B8C4822F1126B00F5446E /* SmallBoxViewController + Default Load.swift in Sources */,
				9C0B8C5E22F16C8400F5446E /* PopUpViewController + Keyboard Op.swift in Sources */,
				9C13EFB621FC15FF00642F56 /* AppDelegate.swift in Sources */,
				9C0B8C6222F16E3000F5446E /* PopUpViewController + AddTableViewCellDelegate.swift in Sources */,
				9C186DAB22F6953F007315B8 /* WalkthroughModel.swift in Sources */,
				9C0B8C5A22F16AC900F5446E /* PopUpViewController + Drag.swift in Sources */,
				9C0B8C5222F161D800F5446E /* PopUpViewController + show, close animation.swift in Sources */,
				9C0B8C4C22F1185900F5446E /* SmallBoxViewController + Edit Label.swift in Sources */,
				9C1DB732220799F600C49EE9 /* BigBoxViewController.swift in Sources */,
				9C0B8C5422F162BA00F5446E /* PopUpViewController + TableView Datasource Delegate.swift in Sources */,
				9C0B8C4E22F15F3100F5446E /* SmallBoxViewController + SmallBoxPopUpDelegate.swift in Sources */,
				9C0B8C7122F17B8C00F5446E /* BigBoxViewController + TableCellTodoTodayBoxDelegate.swift in Sources */,
				9C0B8C5022F15FFA00F5446E /* SmallBoxViewController + Show Box.swift in Sources */,
				9C0B8C6A22F17A4100F5446E /* BigBoxViewController + ScrollViewDelegate.swift in Sources */,
				9C32FCEB2257FDEE00B9AEEF /* PersistenceService.swift in Sources */,
				9C186DAE22F69581007315B8 /* ViewControllerHelper.swift in Sources */,
				9C0B8C6422F1716900F5446E /* PopUpViewController + TableCellTodoSmallBoxDelegate .swift in Sources */,
				9C0B8C6C22F17A8F00F5446E /* BigBoxViewController + Keyboard Op.swift in Sources */,
				9C32FCE72254A73F00B9AEEF /* PopUpTextField.swift in Sources */,
				9C186DB522F696B4007315B8 /* ATCWalkthroughViewController.swift in Sources */,
				9CF9D3752218B43600688F21 /* ExpandableTableViewCellBase.swift in Sources */,
				9CF9D365220BBCC100688F21 /* PopUpViewController.swift in Sources */,
				9C0B8C4622F10FC800F5446E /* PageViewController + Delegate.swift in Sources */,
				9C3434542230E5AA00A8B923 /* PopUpTupleViewCell.swift in Sources */,
			);
			runOnlyForDeploymentPostprocessing = 0;
		};
/* End PBXSourcesBuildPhase section */

/* Begin PBXVariantGroup section */
		9C13EFB921FC15FF00642F56 /* Main.storyboard */ = {
			isa = PBXVariantGroup;
			children = (
				9C13EFBA21FC15FF00642F56 /* Base */,
				9C186DBC22F91EE1007315B8 /* zh-Hant */,
			);
			name = Main.storyboard;
			sourceTree = "<group>";
		};
		9C13EFC121FC15FF00642F56 /* LaunchScreen.storyboard */ = {
			isa = PBXVariantGroup;
			children = (
				9C13EFC221FC15FF00642F56 /* Base */,
				9C186DBD22F91EE2007315B8 /* zh-Hant */,
			);
			name = LaunchScreen.storyboard;
			sourceTree = "<group>";
		};
		9C186DC222F92044007315B8 /* Localizable.strings */ = {
			isa = PBXVariantGroup;
			children = (
				9C186DC322F92844007315B8 /* en */,
				9C186DC422F928F4007315B8 /* zh-Hant */,
			);
			name = Localizable.strings;
			sourceTree = "<group>";
		};
/* End PBXVariantGroup section */

/* Begin XCBuildConfiguration section */
		9C13EFDB21FC160000642F56 /* Debug */ = {
			isa = XCBuildConfiguration;
			buildSettings = {
				ALWAYS_SEARCH_USER_PATHS = NO;
				CLANG_ANALYZER_LOCALIZABILITY_NONLOCALIZED = YES;
				CLANG_ANALYZER_NONNULL = YES;
				CLANG_ANALYZER_NUMBER_OBJECT_CONVERSION = YES_AGGRESSIVE;
				CLANG_CXX_LANGUAGE_STANDARD = "gnu++14";
				CLANG_CXX_LIBRARY = "libc++";
				CLANG_ENABLE_MODULES = YES;
				CLANG_ENABLE_OBJC_ARC = YES;
				CLANG_ENABLE_OBJC_WEAK = YES;
				CLANG_WARN_BLOCK_CAPTURE_AUTORELEASING = YES;
				CLANG_WARN_BOOL_CONVERSION = YES;
				CLANG_WARN_COMMA = YES;
				CLANG_WARN_CONSTANT_CONVERSION = YES;
				CLANG_WARN_DEPRECATED_OBJC_IMPLEMENTATIONS = YES;
				CLANG_WARN_DIRECT_OBJC_ISA_USAGE = YES_ERROR;
				CLANG_WARN_DOCUMENTATION_COMMENTS = YES;
				CLANG_WARN_EMPTY_BODY = YES;
				CLANG_WARN_ENUM_CONVERSION = YES;
				CLANG_WARN_INFINITE_RECURSION = YES;
				CLANG_WARN_INT_CONVERSION = YES;
				CLANG_WARN_NON_LITERAL_NULL_CONVERSION = YES;
				CLANG_WARN_OBJC_IMPLICIT_RETAIN_SELF = YES;
				CLANG_WARN_OBJC_LITERAL_CONVERSION = YES;
				CLANG_WARN_OBJC_ROOT_CLASS = YES_ERROR;
				CLANG_WARN_RANGE_LOOP_ANALYSIS = YES;
				CLANG_WARN_STRICT_PROTOTYPES = YES;
				CLANG_WARN_SUSPICIOUS_MOVE = YES;
				CLANG_WARN_UNGUARDED_AVAILABILITY = YES_AGGRESSIVE;
				CLANG_WARN_UNREACHABLE_CODE = YES;
				CLANG_WARN__DUPLICATE_METHOD_MATCH = YES;
				CODE_SIGN_IDENTITY = "iPhone Developer";
				COPY_PHASE_STRIP = NO;
				DEBUG_INFORMATION_FORMAT = dwarf;
				ENABLE_STRICT_OBJC_MSGSEND = YES;
				ENABLE_TESTABILITY = YES;
				GCC_C_LANGUAGE_STANDARD = gnu11;
				GCC_DYNAMIC_NO_PIC = NO;
				GCC_NO_COMMON_BLOCKS = YES;
				GCC_OPTIMIZATION_LEVEL = 0;
				GCC_PREPROCESSOR_DEFINITIONS = (
					"DEBUG=1",
					"$(inherited)",
				);
				GCC_WARN_64_TO_32_BIT_CONVERSION = YES;
				GCC_WARN_ABOUT_RETURN_TYPE = YES_ERROR;
				GCC_WARN_UNDECLARED_SELECTOR = YES;
				GCC_WARN_UNINITIALIZED_AUTOS = YES_AGGRESSIVE;
				GCC_WARN_UNUSED_FUNCTION = YES;
				GCC_WARN_UNUSED_VARIABLE = YES;
				IPHONEOS_DEPLOYMENT_TARGET = 12.1;
				MTL_ENABLE_DEBUG_INFO = INCLUDE_SOURCE;
				MTL_FAST_MATH = YES;
				ONLY_ACTIVE_ARCH = YES;
				SDKROOT = iphoneos;
				SWIFT_ACTIVE_COMPILATION_CONDITIONS = DEBUG;
				SWIFT_OPTIMIZATION_LEVEL = "-Onone";
			};
			name = Debug;
		};
		9C13EFDC21FC160000642F56 /* Release */ = {
			isa = XCBuildConfiguration;
			buildSettings = {
				ALWAYS_SEARCH_USER_PATHS = NO;
				CLANG_ANALYZER_LOCALIZABILITY_NONLOCALIZED = YES;
				CLANG_ANALYZER_NONNULL = YES;
				CLANG_ANALYZER_NUMBER_OBJECT_CONVERSION = YES_AGGRESSIVE;
				CLANG_CXX_LANGUAGE_STANDARD = "gnu++14";
				CLANG_CXX_LIBRARY = "libc++";
				CLANG_ENABLE_MODULES = YES;
				CLANG_ENABLE_OBJC_ARC = YES;
				CLANG_ENABLE_OBJC_WEAK = YES;
				CLANG_WARN_BLOCK_CAPTURE_AUTORELEASING = YES;
				CLANG_WARN_BOOL_CONVERSION = YES;
				CLANG_WARN_COMMA = YES;
				CLANG_WARN_CONSTANT_CONVERSION = YES;
				CLANG_WARN_DEPRECATED_OBJC_IMPLEMENTATIONS = YES;
				CLANG_WARN_DIRECT_OBJC_ISA_USAGE = YES_ERROR;
				CLANG_WARN_DOCUMENTATION_COMMENTS = YES;
				CLANG_WARN_EMPTY_BODY = YES;
				CLANG_WARN_ENUM_CONVERSION = YES;
				CLANG_WARN_INFINITE_RECURSION = YES;
				CLANG_WARN_INT_CONVERSION = YES;
				CLANG_WARN_NON_LITERAL_NULL_CONVERSION = YES;
				CLANG_WARN_OBJC_IMPLICIT_RETAIN_SELF = YES;
				CLANG_WARN_OBJC_LITERAL_CONVERSION = YES;
				CLANG_WARN_OBJC_ROOT_CLASS = YES_ERROR;
				CLANG_WARN_RANGE_LOOP_ANALYSIS = YES;
				CLANG_WARN_STRICT_PROTOTYPES = YES;
				CLANG_WARN_SUSPICIOUS_MOVE = YES;
				CLANG_WARN_UNGUARDED_AVAILABILITY = YES_AGGRESSIVE;
				CLANG_WARN_UNREACHABLE_CODE = YES;
				CLANG_WARN__DUPLICATE_METHOD_MATCH = YES;
				CODE_SIGN_IDENTITY = "iPhone Developer";
				COPY_PHASE_STRIP = NO;
				DEBUG_INFORMATION_FORMAT = "dwarf-with-dsym";
				ENABLE_NS_ASSERTIONS = NO;
				ENABLE_STRICT_OBJC_MSGSEND = YES;
				GCC_C_LANGUAGE_STANDARD = gnu11;
				GCC_NO_COMMON_BLOCKS = YES;
				GCC_WARN_64_TO_32_BIT_CONVERSION = YES;
				GCC_WARN_ABOUT_RETURN_TYPE = YES_ERROR;
				GCC_WARN_UNDECLARED_SELECTOR = YES;
				GCC_WARN_UNINITIALIZED_AUTOS = YES_AGGRESSIVE;
				GCC_WARN_UNUSED_FUNCTION = YES;
				GCC_WARN_UNUSED_VARIABLE = YES;
				IPHONEOS_DEPLOYMENT_TARGET = 12.1;
				MTL_ENABLE_DEBUG_INFO = NO;
				MTL_FAST_MATH = YES;
				SDKROOT = iphoneos;
				SWIFT_COMPILATION_MODE = wholemodule;
				SWIFT_OPTIMIZATION_LEVEL = "-O";
				VALIDATE_PRODUCT = YES;
			};
			name = Release;
		};
		9C13EFDE21FC160000642F56 /* Debug */ = {
			isa = XCBuildConfiguration;
			baseConfigurationReference = 2B7C5E8C039EB74E50EB90E4 /* Pods-What to-do today?.debug.xcconfig */;
			buildSettings = {
				ASSETCATALOG_COMPILER_APPICON_NAME = AppIcon;
				CODE_SIGN_STYLE = Automatic;
				DEVELOPMENT_TEAM = 442555B9HD;
				INFOPLIST_FILE = "What to-do today?/Info.plist";
				IPHONEOS_DEPLOYMENT_TARGET = 11.0;
				LD_RUNPATH_SEARCH_PATHS = (
					"$(inherited)",
					"@executable_path/Frameworks",
				);
				PRODUCT_BUNDLE_IDENTIFIER = "uw.edu.What-to-do-today-";
				PRODUCT_NAME = "$(TARGET_NAME)";
				SWIFT_VERSION = 4.2;
				TARGETED_DEVICE_FAMILY = "1,2";
			};
			name = Debug;
		};
		9C13EFDF21FC160000642F56 /* Release */ = {
			isa = XCBuildConfiguration;
			baseConfigurationReference = 4438DF1FC6EB01DE51D1818A /* Pods-What to-do today?.release.xcconfig */;
			buildSettings = {
				ASSETCATALOG_COMPILER_APPICON_NAME = AppIcon;
				CODE_SIGN_STYLE = Automatic;
				DEVELOPMENT_TEAM = 442555B9HD;
				INFOPLIST_FILE = "What to-do today?/Info.plist";
				IPHONEOS_DEPLOYMENT_TARGET = 11.0;
				LD_RUNPATH_SEARCH_PATHS = (
					"$(inherited)",
					"@executable_path/Frameworks",
				);
				PRODUCT_BUNDLE_IDENTIFIER = "uw.edu.What-to-do-today-";
				PRODUCT_NAME = "$(TARGET_NAME)";
				SWIFT_VERSION = 4.2;
				TARGETED_DEVICE_FAMILY = "1,2";
			};
			name = Release;
		};
/* End XCBuildConfiguration section */

/* Begin XCConfigurationList section */
		9C13EFAD21FC15FF00642F56 /* Build configuration list for PBXProject "What to-do today?" */ = {
			isa = XCConfigurationList;
			buildConfigurations = (
				9C13EFDB21FC160000642F56 /* Debug */,
				9C13EFDC21FC160000642F56 /* Release */,
			);
			defaultConfigurationIsVisible = 0;
			defaultConfigurationName = Release;
		};
		9C13EFDD21FC160000642F56 /* Build configuration list for PBXNativeTarget "What to-do today?" */ = {
			isa = XCConfigurationList;
			buildConfigurations = (
				9C13EFDE21FC160000642F56 /* Debug */,
				9C13EFDF21FC160000642F56 /* Release */,
			);
			defaultConfigurationIsVisible = 0;
			defaultConfigurationName = Release;
		};
/* End XCConfigurationList section */

/* Begin XCVersionGroup section */
		9C6D1248224763DE003A7FD9 /* DataModel.xcdatamodeld */ = {
			isa = XCVersionGroup;
			children = (
				9C6D1249224763DE003A7FD9 /* Model.xcdatamodel */,
			);
			currentVersion = 9C6D1249224763DE003A7FD9 /* Model.xcdatamodel */;
			path = DataModel.xcdatamodeld;
			sourceTree = "<group>";
			versionGroupType = wrapper.xcdatamodel;
		};
/* End XCVersionGroup section */
	};
	rootObject = 9C13EFAA21FC15FF00642F56 /* Project object */;
}
