// !$*UTF8*$!
{
	archiveVersion = 1;
	classes = {
	};
	objectVersion = 50;
	objects = {

/* Begin PBXBuildFile section */
		9C13EFB621FC15FF00642F56 /* AppDelegate.swift in Sources */ = {isa = PBXBuildFile; fileRef = 9C13EFB521FC15FF00642F56 /* AppDelegate.swift */; };
		9C13EFBB21FC15FF00642F56 /* Main.storyboard in Resources */ = {isa = PBXBuildFile; fileRef = 9C13EFB921FC15FF00642F56 /* Main.storyboard */; };
		9C13EFC021FC15FF00642F56 /* Assets.xcassets in Resources */ = {isa = PBXBuildFile; fileRef = 9C13EFBF21FC15FF00642F56 /* Assets.xcassets */; };
		9C13EFC321FC15FF00642F56 /* LaunchScreen.storyboard in Resources */ = {isa = PBXBuildFile; fileRef = 9C13EFC121FC15FF00642F56 /* LaunchScreen.storyboard */; };
		9C13EFCE21FC160000642F56 /* What_to_do_today_Tests.swift in Sources */ = {isa = PBXBuildFile; fileRef = 9C13EFCD21FC160000642F56 /* What_to_do_today_Tests.swift */; };
		9C13EFD921FC160000642F56 /* What_to_do_today_UITests.swift in Sources */ = {isa = PBXBuildFile; fileRef = 9C13EFD821FC160000642F56 /* What_to_do_today_UITests.swift */; };
		9C13EFE721FC170600642F56 /* ToDoViewController.swift in Sources */ = {isa = PBXBuildFile; fileRef = 9C13EFE621FC170600642F56 /* ToDoViewController.swift */; };
		9C1DB7302206935900C49EE9 /* SmallBoxViewController.swift in Sources */ = {isa = PBXBuildFile; fileRef = 9C1DB72F2206935900C49EE9 /* SmallBoxViewController.swift */; };
		9C1DB732220799F600C49EE9 /* BigBoxViewController.swift in Sources */ = {isa = PBXBuildFile; fileRef = 9C1DB731220799F600C49EE9 /* BigBoxViewController.swift */; };
		9C3434522230B72B00A8B923 /* AddTableViewCellBase.swift in Sources */ = {isa = PBXBuildFile; fileRef = 9C3434512230B72B00A8B923 /* AddTableViewCellBase.swift */; };
		9C3434542230E5AA00A8B923 /* RedTupleViewCell.swift in Sources */ = {isa = PBXBuildFile; fileRef = 9C3434532230E5AA00A8B923 /* RedTupleViewCell.swift */; };
		9C34345622319CCA00A8B923 /* RedAddSection.swift in Sources */ = {isa = PBXBuildFile; fileRef = 9C34345522319CCA00A8B923 /* RedAddSection.swift */; };
		9C3434582231FB3500A8B923 /* OrangeTupleViewCell.swift in Sources */ = {isa = PBXBuildFile; fileRef = 9C3434572231FB3500A8B923 /* OrangeTupleViewCell.swift */; };
		9C34345A2231FB4400A8B923 /* OrangeAddSection.swift in Sources */ = {isa = PBXBuildFile; fileRef = 9C3434592231FB4400A8B923 /* OrangeAddSection.swift */; };
		9C6D124722475ABC003A7FD9 /* Todo.swift in Sources */ = {isa = PBXBuildFile; fileRef = 9C6D124622475ABC003A7FD9 /* Todo.swift */; };
		9C6D124A224763DE003A7FD9 /* DataModel.xcdatamodeld in Sources */ = {isa = PBXBuildFile; fileRef = 9C6D1248224763DE003A7FD9 /* DataModel.xcdatamodeld */; };
		9C6D125022476788003A7FD9 /* PersistenceService.swift in Sources */ = {isa = PBXBuildFile; fileRef = 9C6D124F22476787003A7FD9 /* PersistenceService.swift */; };
		9C7C72602238B7720026FE67 /* BlueTupleTableViewCell.swift in Sources */ = {isa = PBXBuildFile; fileRef = 9C7C725F2238B7720026FE67 /* BlueTupleTableViewCell.swift */; };
		9C7C72622238B78B0026FE67 /* BlueAddSection.swift in Sources */ = {isa = PBXBuildFile; fileRef = 9C7C72612238B78B0026FE67 /* BlueAddSection.swift */; };
		9C7C72642238BF5A0026FE67 /* GreenTupleTableViewCell.swift in Sources */ = {isa = PBXBuildFile; fileRef = 9C7C72632238BF5A0026FE67 /* GreenTupleTableViewCell.swift */; };
		9C7C72662238BF9F0026FE67 /* GreenAddSection.swift in Sources */ = {isa = PBXBuildFile; fileRef = 9C7C72652238BF9F0026FE67 /* GreenAddSection.swift */; };
		9CF9D3632207C57E00688F21 /* TodayTupleTableViewCell.swift in Sources */ = {isa = PBXBuildFile; fileRef = 9CF9D3622207C57E00688F21 /* TodayTupleTableViewCell.swift */; };
		9CF9D365220BBCC100688F21 /* RedPopUpViewController.swift in Sources */ = {isa = PBXBuildFile; fileRef = 9CF9D364220BBCC100688F21 /* RedPopUpViewController.swift */; };
		9CF9D367220BF7B100688F21 /* OrangePopUpViewController.swift in Sources */ = {isa = PBXBuildFile; fileRef = 9CF9D366220BF7B100688F21 /* OrangePopUpViewController.swift */; };
		9CF9D369220C11F500688F21 /* BluePopUpViewController.swift in Sources */ = {isa = PBXBuildFile; fileRef = 9CF9D368220C11F500688F21 /* BluePopUpViewController.swift */; };
		9CF9D36B220C16D000688F21 /* GreenPopUpViewController.swift in Sources */ = {isa = PBXBuildFile; fileRef = 9CF9D36A220C16D000688F21 /* GreenPopUpViewController.swift */; };
		9CF9D3752218B43600688F21 /* ExpandableTableViewCellBase.swift in Sources */ = {isa = PBXBuildFile; fileRef = 9CF9D3742218B43600688F21 /* ExpandableTableViewCellBase.swift */; };
		9CF9D3772229A9DD00688F21 /* TodayAddSection.swift in Sources */ = {isa = PBXBuildFile; fileRef = 9CF9D3762229A9DD00688F21 /* TodayAddSection.swift */; };
/* End PBXBuildFile section */

/* Begin PBXContainerItemProxy section */
		9C13EFCA21FC15FF00642F56 /* PBXContainerItemProxy */ = {
			isa = PBXContainerItemProxy;
			containerPortal = 9C13EFAA21FC15FF00642F56 /* Project object */;
			proxyType = 1;
			remoteGlobalIDString = 9C13EFB121FC15FF00642F56;
			remoteInfo = "What to-do today?";
		};
		9C13EFD521FC160000642F56 /* PBXContainerItemProxy */ = {
			isa = PBXContainerItemProxy;
			containerPortal = 9C13EFAA21FC15FF00642F56 /* Project object */;
			proxyType = 1;
			remoteGlobalIDString = 9C13EFB121FC15FF00642F56;
			remoteInfo = "What to-do today?";
		};
/* End PBXContainerItemProxy section */

/* Begin PBXFileReference section */
		9C13EFB221FC15FF00642F56 /* What to-do today?.app */ = {isa = PBXFileReference; explicitFileType = wrapper.application; includeInIndex = 0; path = "What to-do today?.app"; sourceTree = BUILT_PRODUCTS_DIR; };
		9C13EFB521FC15FF00642F56 /* AppDelegate.swift */ = {isa = PBXFileReference; lastKnownFileType = sourcecode.swift; path = AppDelegate.swift; sourceTree = "<group>"; };
		9C13EFBA21FC15FF00642F56 /* Base */ = {isa = PBXFileReference; lastKnownFileType = file.storyboard; name = Base; path = Base.lproj/Main.storyboard; sourceTree = "<group>"; };
		9C13EFBF21FC15FF00642F56 /* Assets.xcassets */ = {isa = PBXFileReference; lastKnownFileType = folder.assetcatalog; path = Assets.xcassets; sourceTree = "<group>"; };
		9C13EFC221FC15FF00642F56 /* Base */ = {isa = PBXFileReference; lastKnownFileType = file.storyboard; name = Base; path = Base.lproj/LaunchScreen.storyboard; sourceTree = "<group>"; };
		9C13EFC421FC15FF00642F56 /* Info.plist */ = {isa = PBXFileReference; lastKnownFileType = text.plist.xml; path = Info.plist; sourceTree = "<group>"; };
		9C13EFC921FC15FF00642F56 /* What to-do today?Tests.xctest */ = {isa = PBXFileReference; explicitFileType = wrapper.cfbundle; includeInIndex = 0; path = "What to-do today?Tests.xctest"; sourceTree = BUILT_PRODUCTS_DIR; };
		9C13EFCD21FC160000642F56 /* What_to_do_today_Tests.swift */ = {isa = PBXFileReference; lastKnownFileType = sourcecode.swift; path = What_to_do_today_Tests.swift; sourceTree = "<group>"; };
		9C13EFCF21FC160000642F56 /* Info.plist */ = {isa = PBXFileReference; lastKnownFileType = text.plist.xml; path = Info.plist; sourceTree = "<group>"; };
		9C13EFD421FC160000642F56 /* What to-do today?UITests.xctest */ = {isa = PBXFileReference; explicitFileType = wrapper.cfbundle; includeInIndex = 0; path = "What to-do today?UITests.xctest"; sourceTree = BUILT_PRODUCTS_DIR; };
		9C13EFD821FC160000642F56 /* What_to_do_today_UITests.swift */ = {isa = PBXFileReference; lastKnownFileType = sourcecode.swift; path = What_to_do_today_UITests.swift; sourceTree = "<group>"; };
		9C13EFDA21FC160000642F56 /* Info.plist */ = {isa = PBXFileReference; lastKnownFileType = text.plist.xml; path = Info.plist; sourceTree = "<group>"; };
		9C13EFE621FC170600642F56 /* ToDoViewController.swift */ = {isa = PBXFileReference; lastKnownFileType = sourcecode.swift; path = ToDoViewController.swift; sourceTree = "<group>"; };
		9C1DB72F2206935900C49EE9 /* SmallBoxViewController.swift */ = {isa = PBXFileReference; lastKnownFileType = sourcecode.swift; path = SmallBoxViewController.swift; sourceTree = "<group>"; };
		9C1DB731220799F600C49EE9 /* BigBoxViewController.swift */ = {isa = PBXFileReference; lastKnownFileType = sourcecode.swift; path = BigBoxViewController.swift; sourceTree = "<group>"; };
		9C3434512230B72B00A8B923 /* AddTableViewCellBase.swift */ = {isa = PBXFileReference; lastKnownFileType = sourcecode.swift; path = AddTableViewCellBase.swift; sourceTree = "<group>"; };
		9C3434532230E5AA00A8B923 /* RedTupleViewCell.swift */ = {isa = PBXFileReference; lastKnownFileType = sourcecode.swift; path = RedTupleViewCell.swift; sourceTree = "<group>"; };
		9C34345522319CCA00A8B923 /* RedAddSection.swift */ = {isa = PBXFileReference; lastKnownFileType = sourcecode.swift; path = RedAddSection.swift; sourceTree = "<group>"; };
		9C3434572231FB3500A8B923 /* OrangeTupleViewCell.swift */ = {isa = PBXFileReference; lastKnownFileType = sourcecode.swift; path = OrangeTupleViewCell.swift; sourceTree = "<group>"; };
		9C3434592231FB4400A8B923 /* OrangeAddSection.swift */ = {isa = PBXFileReference; lastKnownFileType = sourcecode.swift; path = OrangeAddSection.swift; sourceTree = "<group>"; };
		9C6D124622475ABC003A7FD9 /* Todo.swift */ = {isa = PBXFileReference; lastKnownFileType = sourcecode.swift; path = Todo.swift; sourceTree = "<group>"; };
		9C6D1249224763DE003A7FD9 /* Model.xcdatamodel */ = {isa = PBXFileReference; lastKnownFileType = wrapper.xcdatamodel; path = Model.xcdatamodel; sourceTree = "<group>"; };
		9C6D124F22476787003A7FD9 /* PersistenceService.swift */ = {isa = PBXFileReference; fileEncoding = 4; lastKnownFileType = sourcecode.swift; name = PersistenceService.swift; path = ../../../Downloads/PersistenceService.swift; sourceTree = "<group>"; };
		9C7C725F2238B7720026FE67 /* BlueTupleTableViewCell.swift */ = {isa = PBXFileReference; lastKnownFileType = sourcecode.swift; path = BlueTupleTableViewCell.swift; sourceTree = "<group>"; };
		9C7C72612238B78B0026FE67 /* BlueAddSection.swift */ = {isa = PBXFileReference; lastKnownFileType = sourcecode.swift; path = BlueAddSection.swift; sourceTree = "<group>"; };
		9C7C72632238BF5A0026FE67 /* GreenTupleTableViewCell.swift */ = {isa = PBXFileReference; lastKnownFileType = sourcecode.swift; path = GreenTupleTableViewCell.swift; sourceTree = "<group>"; };
		9C7C72652238BF9F0026FE67 /* GreenAddSection.swift */ = {isa = PBXFileReference; lastKnownFileType = sourcecode.swift; path = GreenAddSection.swift; sourceTree = "<group>"; };
		9CF9D3622207C57E00688F21 /* TodayTupleTableViewCell.swift */ = {isa = PBXFileReference; lastKnownFileType = sourcecode.swift; path = TodayTupleTableViewCell.swift; sourceTree = "<group>"; };
		9CF9D364220BBCC100688F21 /* RedPopUpViewController.swift */ = {isa = PBXFileReference; lastKnownFileType = sourcecode.swift; path = RedPopUpViewController.swift; sourceTree = "<group>"; };
		9CF9D366220BF7B100688F21 /* OrangePopUpViewController.swift */ = {isa = PBXFileReference; lastKnownFileType = sourcecode.swift; path = OrangePopUpViewController.swift; sourceTree = "<group>"; };
		9CF9D368220C11F500688F21 /* BluePopUpViewController.swift */ = {isa = PBXFileReference; lastKnownFileType = sourcecode.swift; path = BluePopUpViewController.swift; sourceTree = "<group>"; };
		9CF9D36A220C16D000688F21 /* GreenPopUpViewController.swift */ = {isa = PBXFileReference; lastKnownFileType = sourcecode.swift; path = GreenPopUpViewController.swift; sourceTree = "<group>"; };
		9CF9D3742218B43600688F21 /* ExpandableTableViewCellBase.swift */ = {isa = PBXFileReference; lastKnownFileType = sourcecode.swift; path = ExpandableTableViewCellBase.swift; sourceTree = "<group>"; };
		9CF9D3762229A9DD00688F21 /* TodayAddSection.swift */ = {isa = PBXFileReference; lastKnownFileType = sourcecode.swift; path = TodayAddSection.swift; sourceTree = "<group>"; };
/* End PBXFileReference section */

/* Begin PBXFrameworksBuildPhase section */
		9C13EFAF21FC15FF00642F56 /* Frameworks */ = {
			isa = PBXFrameworksBuildPhase;
			buildActionMask = 2147483647;
			files = (
			);
			runOnlyForDeploymentPostprocessing = 0;
		};
		9C13EFC621FC15FF00642F56 /* Frameworks */ = {
			isa = PBXFrameworksBuildPhase;
			buildActionMask = 2147483647;
			files = (
			);
			runOnlyForDeploymentPostprocessing = 0;
		};
		9C13EFD121FC160000642F56 /* Frameworks */ = {
			isa = PBXFrameworksBuildPhase;
			buildActionMask = 2147483647;
			files = (
			);
			runOnlyForDeploymentPostprocessing = 0;
		};
/* End PBXFrameworksBuildPhase section */

/* Begin PBXGroup section */
		9C13EFA921FC15FF00642F56 = {
			isa = PBXGroup;
			children = (
				9C13EFB421FC15FF00642F56 /* What to-do today? */,
				9C13EFCC21FC15FF00642F56 /* What to-do today?Tests */,
				9C13EFD721FC160000642F56 /* What to-do today?UITests */,
				9C13EFB321FC15FF00642F56 /* Products */,
			);
			sourceTree = "<group>";
		};
		9C13EFB321FC15FF00642F56 /* Products */ = {
			isa = PBXGroup;
			children = (
				9C13EFB221FC15FF00642F56 /* What to-do today?.app */,
				9C13EFC921FC15FF00642F56 /* What to-do today?Tests.xctest */,
				9C13EFD421FC160000642F56 /* What to-do today?UITests.xctest */,
			);
			name = Products;
			sourceTree = "<group>";
		};
		9C13EFB421FC15FF00642F56 /* What to-do today? */ = {
			isa = PBXGroup;
			children = (
				9CF9D3742218B43600688F21 /* ExpandableTableViewCellBase.swift */,
				9C3434512230B72B00A8B923 /* AddTableViewCellBase.swift */,
				9C13EFB521FC15FF00642F56 /* AppDelegate.swift */,
				9C6D124622475ABC003A7FD9 /* Todo.swift */,
				9C13EFB921FC15FF00642F56 /* Main.storyboard */,
				9C6D1248224763DE003A7FD9 /* DataModel.xcdatamodeld */,
				9C6D124F22476787003A7FD9 /* PersistenceService.swift */,
				9CF9D371220CEE6900688F21 /* Main Page */,
				9CF9D36F220CEE2800688F21 /* Page View Controller */,
				9CF9D36D220CED9B00688F21 /* Expand View Controller */,
				9CF9D36E220CEDE800688F21 /* Today View Controller */,
				9C13EFBF21FC15FF00642F56 /* Assets.xcassets */,
				9C13EFC121FC15FF00642F56 /* LaunchScreen.storyboard */,
				9C13EFC421FC15FF00642F56 /* Info.plist */,
			);
			path = "What to-do today?";
			sourceTree = "<group>";
		};
		9C13EFCC21FC15FF00642F56 /* What to-do today?Tests */ = {
			isa = PBXGroup;
			children = (
				9C13EFCD21FC160000642F56 /* What_to_do_today_Tests.swift */,
				9C13EFCF21FC160000642F56 /* Info.plist */,
			);
			path = "What to-do today?Tests";
			sourceTree = "<group>";
		};
		9C13EFD721FC160000642F56 /* What to-do today?UITests */ = {
			isa = PBXGroup;
			children = (
				9C13EFD821FC160000642F56 /* What_to_do_today_UITests.swift */,
				9C13EFDA21FC160000642F56 /* Info.plist */,
			);
			path = "What to-do today?UITests";
			sourceTree = "<group>";
		};
		9C34344D2230ABE700A8B923 /* Red */ = {
			isa = PBXGroup;
			children = (
				9C3434532230E5AA00A8B923 /* RedTupleViewCell.swift */,
				9CF9D364220BBCC100688F21 /* RedPopUpViewController.swift */,
				9C34345522319CCA00A8B923 /* RedAddSection.swift */,
			);
			path = Red;
			sourceTree = "<group>";
		};
		9C34344E2230ABF700A8B923 /* Blue */ = {
			isa = PBXGroup;
			children = (
				9CF9D368220C11F500688F21 /* BluePopUpViewController.swift */,
				9C7C725F2238B7720026FE67 /* BlueTupleTableViewCell.swift */,
				9C7C72612238B78B0026FE67 /* BlueAddSection.swift */,
			);
			path = Blue;
			sourceTree = "<group>";
		};
		9C34344F2230AC0100A8B923 /* Orange */ = {
			isa = PBXGroup;
			children = (
				9CF9D366220BF7B100688F21 /* OrangePopUpViewController.swift */,
				9C3434572231FB3500A8B923 /* OrangeTupleViewCell.swift */,
				9C3434592231FB4400A8B923 /* OrangeAddSection.swift */,
			);
			path = Orange;
			sourceTree = "<group>";
		};
		9C3434502230AC0A00A8B923 /* Green */ = {
			isa = PBXGroup;
			children = (
				9CF9D36A220C16D000688F21 /* GreenPopUpViewController.swift */,
				9C7C72632238BF5A0026FE67 /* GreenTupleTableViewCell.swift */,
				9C7C72652238BF9F0026FE67 /* GreenAddSection.swift */,
			);
			path = Green;
			sourceTree = "<group>";
		};
		9CF9D36D220CED9B00688F21 /* Expand View Controller */ = {
			isa = PBXGroup;
			children = (
				9C3434502230AC0A00A8B923 /* Green */,
				9C34344F2230AC0100A8B923 /* Orange */,
				9C34344E2230ABF700A8B923 /* Blue */,
				9C34344D2230ABE700A8B923 /* Red */,
			);
			path = "Expand View Controller";
			sourceTree = "<group>";
		};
		9CF9D36E220CEDE800688F21 /* Today View Controller */ = {
			isa = PBXGroup;
			children = (
				9CF9D3622207C57E00688F21 /* TodayTupleTableViewCell.swift */,
				9CF9D3762229A9DD00688F21 /* TodayAddSection.swift */,
				9C1DB731220799F600C49EE9 /* BigBoxViewController.swift */,
			);
			path = "Today View Controller";
			sourceTree = "<group>";
		};
		9CF9D36F220CEE2800688F21 /* Page View Controller */ = {
			isa = PBXGroup;
			children = (
				9C13EFE621FC170600642F56 /* ToDoViewController.swift */,
			);
			path = "Page View Controller";
			sourceTree = "<group>";
		};
		9CF9D371220CEE6900688F21 /* Main Page */ = {
			isa = PBXGroup;
			children = (
				9C1DB72F2206935900C49EE9 /* SmallBoxViewController.swift */,
			);
			path = "Main Page";
			sourceTree = "<group>";
		};
/* End PBXGroup section */

/* Begin PBXNativeTarget section */
		9C13EFB121FC15FF00642F56 /* What to-do today? */ = {
			isa = PBXNativeTarget;
			buildConfigurationList = 9C13EFDD21FC160000642F56 /* Build configuration list for PBXNativeTarget "What to-do today?" */;
			buildPhases = (
				9C13EFAE21FC15FF00642F56 /* Sources */,
				9C13EFAF21FC15FF00642F56 /* Frameworks */,
				9C13EFB021FC15FF00642F56 /* Resources */,
			);
			buildRules = (
			);
			dependencies = (
			);
			name = "What to-do today?";
			productName = "What to-do today?";
			productReference = 9C13EFB221FC15FF00642F56 /* What to-do today?.app */;
			productType = "com.apple.product-type.application";
		};
		9C13EFC821FC15FF00642F56 /* What to-do today?Tests */ = {
			isa = PBXNativeTarget;
			buildConfigurationList = 9C13EFE021FC160000642F56 /* Build configuration list for PBXNativeTarget "What to-do today?Tests" */;
			buildPhases = (
				9C13EFC521FC15FF00642F56 /* Sources */,
				9C13EFC621FC15FF00642F56 /* Frameworks */,
				9C13EFC721FC15FF00642F56 /* Resources */,
			);
			buildRules = (
			);
			dependencies = (
				9C13EFCB21FC15FF00642F56 /* PBXTargetDependency */,
			);
			name = "What to-do today?Tests";
			productName = "What to-do today?Tests";
			productReference = 9C13EFC921FC15FF00642F56 /* What to-do today?Tests.xctest */;
			productType = "com.apple.product-type.bundle.unit-test";
		};
		9C13EFD321FC160000642F56 /* What to-do today?UITests */ = {
			isa = PBXNativeTarget;
			buildConfigurationList = 9C13EFE321FC160000642F56 /* Build configuration list for PBXNativeTarget "What to-do today?UITests" */;
			buildPhases = (
				9C13EFD021FC160000642F56 /* Sources */,
				9C13EFD121FC160000642F56 /* Frameworks */,
				9C13EFD221FC160000642F56 /* Resources */,
			);
			buildRules = (
			);
			dependencies = (
				9C13EFD621FC160000642F56 /* PBXTargetDependency */,
			);
			name = "What to-do today?UITests";
			productName = "What to-do today?UITests";
			productReference = 9C13EFD421FC160000642F56 /* What to-do today?UITests.xctest */;
			productType = "com.apple.product-type.bundle.ui-testing";
		};
/* End PBXNativeTarget section */

/* Begin PBXProject section */
		9C13EFAA21FC15FF00642F56 /* Project object */ = {
			isa = PBXProject;
			attributes = {
				LastSwiftUpdateCheck = 1010;
				LastUpgradeCheck = 1010;
				ORGANIZATIONNAME = "Jayson Chen";
				TargetAttributes = {
					9C13EFB121FC15FF00642F56 = {
						CreatedOnToolsVersion = 10.1;
					};
					9C13EFC821FC15FF00642F56 = {
						CreatedOnToolsVersion = 10.1;
						TestTargetID = 9C13EFB121FC15FF00642F56;
					};
					9C13EFD321FC160000642F56 = {
						CreatedOnToolsVersion = 10.1;
						TestTargetID = 9C13EFB121FC15FF00642F56;
					};
				};
			};
			buildConfigurationList = 9C13EFAD21FC15FF00642F56 /* Build configuration list for PBXProject "What to-do today?" */;
			compatibilityVersion = "Xcode 9.3";
			developmentRegion = en;
			hasScannedForEncodings = 0;
			knownRegions = (
				en,
				Base,
			);
			mainGroup = 9C13EFA921FC15FF00642F56;
			productRefGroup = 9C13EFB321FC15FF00642F56 /* Products */;
			projectDirPath = "";
			projectRoot = "";
			targets = (
				9C13EFB121FC15FF00642F56 /* What to-do today? */,
				9C13EFC821FC15FF00642F56 /* What to-do today?Tests */,
				9C13EFD321FC160000642F56 /* What to-do today?UITests */,
			);
		};
/* End PBXProject section */

/* Begin PBXResourcesBuildPhase section */
		9C13EFB021FC15FF00642F56 /* Resources */ = {
			isa = PBXResourcesBuildPhase;
			buildActionMask = 2147483647;
			files = (
				9C13EFC321FC15FF00642F56 /* LaunchScreen.storyboard in Resources */,
				9C13EFC021FC15FF00642F56 /* Assets.xcassets in Resources */,
				9C13EFBB21FC15FF00642F56 /* Main.storyboard in Resources */,
			);
			runOnlyForDeploymentPostprocessing = 0;
		};
		9C13EFC721FC15FF00642F56 /* Resources */ = {
			isa = PBXResourcesBuildPhase;
			buildActionMask = 2147483647;
			files = (
			);
			runOnlyForDeploymentPostprocessing = 0;
		};
		9C13EFD221FC160000642F56 /* Resources */ = {
			isa = PBXResourcesBuildPhase;
			buildActionMask = 2147483647;
			files = (
			);
			runOnlyForDeploymentPostprocessing = 0;
		};
/* End PBXResourcesBuildPhase section */

/* Begin PBXSourcesBuildPhase section */
		9C13EFAE21FC15FF00642F56 /* Sources */ = {
			isa = PBXSourcesBuildPhase;
			buildActionMask = 2147483647;
			files = (
				9CF9D3632207C57E00688F21 /* TodayTupleTableViewCell.swift in Sources */,
				9C6D124A224763DE003A7FD9 /* DataModel.xcdatamodeld in Sources */,
				9CF9D36B220C16D000688F21 /* GreenPopUpViewController.swift in Sources */,
				9C7C72642238BF5A0026FE67 /* GreenTupleTableViewCell.swift in Sources */,
				9CF9D367220BF7B100688F21 /* OrangePopUpViewController.swift in Sources */,
				9C6D125022476788003A7FD9 /* PersistenceService.swift in Sources */,
				9C1DB7302206935900C49EE9 /* SmallBoxViewController.swift in Sources */,
				9C3434522230B72B00A8B923 /* AddTableViewCellBase.swift in Sources */,
				9C7C72622238B78B0026FE67 /* BlueAddSection.swift in Sources */,
				9C7C72662238BF9F0026FE67 /* GreenAddSection.swift in Sources */,
				9C3434582231FB3500A8B923 /* OrangeTupleViewCell.swift in Sources */,
				9C34345622319CCA00A8B923 /* RedAddSection.swift in Sources */,
				9C13EFE721FC170600642F56 /* ToDoViewController.swift in Sources */,
				9C6D124722475ABC003A7FD9 /* Todo.swift in Sources */,
				9C13EFB621FC15FF00642F56 /* AppDelegate.swift in Sources */,
				9C1DB732220799F600C49EE9 /* BigBoxViewController.swift in Sources */,
				9C34345A2231FB4400A8B923 /* OrangeAddSection.swift in Sources */,
				9CF9D3752218B43600688F21 /* ExpandableTableViewCellBase.swift in Sources */,
				9CF9D369220C11F500688F21 /* BluePopUpViewController.swift in Sources */,
				9CF9D365220BBCC100688F21 /* RedPopUpViewController.swift in Sources */,
				9CF9D3772229A9DD00688F21 /* TodayAddSection.swift in Sources */,
				9C7C72602238B7720026FE67 /* BlueTupleTableViewCell.swift in Sources */,
				9C3434542230E5AA00A8B923 /* RedTupleViewCell.swift in Sources */,
			);
			runOnlyForDeploymentPostprocessing = 0;
		};
		9C13EFC521FC15FF00642F56 /* Sources */ = {
			isa = PBXSourcesBuildPhase;
			buildActionMask = 2147483647;
			files = (
				9C13EFCE21FC160000642F56 /* What_to_do_today_Tests.swift in Sources */,
			);
			runOnlyForDeploymentPostprocessing = 0;
		};
		9C13EFD021FC160000642F56 /* Sources */ = {
			isa = PBXSourcesBuildPhase;
			buildActionMask = 2147483647;
			files = (
				9C13EFD921FC160000642F56 /* What_to_do_today_UITests.swift in Sources */,
			);
			runOnlyForDeploymentPostprocessing = 0;
		};
/* End PBXSourcesBuildPhase section */

/* Begin PBXTargetDependency section */
		9C13EFCB21FC15FF00642F56 /* PBXTargetDependency */ = {
			isa = PBXTargetDependency;
			target = 9C13EFB121FC15FF00642F56 /* What to-do today? */;
			targetProxy = 9C13EFCA21FC15FF00642F56 /* PBXContainerItemProxy */;
		};
		9C13EFD621FC160000642F56 /* PBXTargetDependency */ = {
			isa = PBXTargetDependency;
			target = 9C13EFB121FC15FF00642F56 /* What to-do today? */;
			targetProxy = 9C13EFD521FC160000642F56 /* PBXContainerItemProxy */;
		};
/* End PBXTargetDependency section */

/* Begin PBXVariantGroup section */
		9C13EFB921FC15FF00642F56 /* Main.storyboard */ = {
			isa = PBXVariantGroup;
			children = (
				9C13EFBA21FC15FF00642F56 /* Base */,
			);
			name = Main.storyboard;
			sourceTree = "<group>";
		};
		9C13EFC121FC15FF00642F56 /* LaunchScreen.storyboard */ = {
			isa = PBXVariantGroup;
			children = (
				9C13EFC221FC15FF00642F56 /* Base */,
			);
			name = LaunchScreen.storyboard;
			sourceTree = "<group>";
		};
/* End PBXVariantGroup section */

/* Begin XCBuildConfiguration section */
		9C13EFDB21FC160000642F56 /* Debug */ = {
			isa = XCBuildConfiguration;
			buildSettings = {
				ALWAYS_SEARCH_USER_PATHS = NO;
				CLANG_ANALYZER_NONNULL = YES;
				CLANG_ANALYZER_NUMBER_OBJECT_CONVERSION = YES_AGGRESSIVE;
				CLANG_CXX_LANGUAGE_STANDARD = "gnu++14";
				CLANG_CXX_LIBRARY = "libc++";
				CLANG_ENABLE_MODULES = YES;
				CLANG_ENABLE_OBJC_ARC = YES;
				CLANG_ENABLE_OBJC_WEAK = YES;
				CLANG_WARN_BLOCK_CAPTURE_AUTORELEASING = YES;
				CLANG_WARN_BOOL_CONVERSION = YES;
				CLANG_WARN_COMMA = YES;
				CLANG_WARN_CONSTANT_CONVERSION = YES;
				CLANG_WARN_DEPRECATED_OBJC_IMPLEMENTATIONS = YES;
				CLANG_WARN_DIRECT_OBJC_ISA_USAGE = YES_ERROR;
				CLANG_WARN_DOCUMENTATION_COMMENTS = YES;
				CLANG_WARN_EMPTY_BODY = YES;
				CLANG_WARN_ENUM_CONVERSION = YES;
				CLANG_WARN_INFINITE_RECURSION = YES;
				CLANG_WARN_INT_CONVERSION = YES;
				CLANG_WARN_NON_LITERAL_NULL_CONVERSION = YES;
				CLANG_WARN_OBJC_IMPLICIT_RETAIN_SELF = YES;
				CLANG_WARN_OBJC_LITERAL_CONVERSION = YES;
				CLANG_WARN_OBJC_ROOT_CLASS = YES_ERROR;
				CLANG_WARN_RANGE_LOOP_ANALYSIS = YES;
				CLANG_WARN_STRICT_PROTOTYPES = YES;
				CLANG_WARN_SUSPICIOUS_MOVE = YES;
				CLANG_WARN_UNGUARDED_AVAILABILITY = YES_AGGRESSIVE;
				CLANG_WARN_UNREACHABLE_CODE = YES;
				CLANG_WARN__DUPLICATE_METHOD_MATCH = YES;
				CODE_SIGN_IDENTITY = "iPhone Developer";
				COPY_PHASE_STRIP = NO;
				DEBUG_INFORMATION_FORMAT = dwarf;
				ENABLE_STRICT_OBJC_MSGSEND = YES;
				ENABLE_TESTABILITY = YES;
				GCC_C_LANGUAGE_STANDARD = gnu11;
				GCC_DYNAMIC_NO_PIC = NO;
				GCC_NO_COMMON_BLOCKS = YES;
				GCC_OPTIMIZATION_LEVEL = 0;
				GCC_PREPROCESSOR_DEFINITIONS = (
					"DEBUG=1",
					"$(inherited)",
				);
				GCC_WARN_64_TO_32_BIT_CONVERSION = YES;
				GCC_WARN_ABOUT_RETURN_TYPE = YES_ERROR;
				GCC_WARN_UNDECLARED_SELECTOR = YES;
				GCC_WARN_UNINITIALIZED_AUTOS = YES_AGGRESSIVE;
				GCC_WARN_UNUSED_FUNCTION = YES;
				GCC_WARN_UNUSED_VARIABLE = YES;
				IPHONEOS_DEPLOYMENT_TARGET = 12.1;
				MTL_ENABLE_DEBUG_INFO = INCLUDE_SOURCE;
				MTL_FAST_MATH = YES;
				ONLY_ACTIVE_ARCH = YES;
				SDKROOT = iphoneos;
				SWIFT_ACTIVE_COMPILATION_CONDITIONS = DEBUG;
				SWIFT_OPTIMIZATION_LEVEL = "-Onone";
			};
			name = Debug;
		};
		9C13EFDC21FC160000642F56 /* Release */ = {
			isa = XCBuildConfiguration;
			buildSettings = {
				ALWAYS_SEARCH_USER_PATHS = NO;
				CLANG_ANALYZER_NONNULL = YES;
				CLANG_ANALYZER_NUMBER_OBJECT_CONVERSION = YES_AGGRESSIVE;
				CLANG_CXX_LANGUAGE_STANDARD = "gnu++14";
				CLANG_CXX_LIBRARY = "libc++";
				CLANG_ENABLE_MODULES = YES;
				CLANG_ENABLE_OBJC_ARC = YES;
				CLANG_ENABLE_OBJC_WEAK = YES;
				CLANG_WARN_BLOCK_CAPTURE_AUTORELEASING = YES;
				CLANG_WARN_BOOL_CONVERSION = YES;
				CLANG_WARN_COMMA = YES;
				CLANG_WARN_CONSTANT_CONVERSION = YES;
				CLANG_WARN_DEPRECATED_OBJC_IMPLEMENTATIONS = YES;
				CLANG_WARN_DIRECT_OBJC_ISA_USAGE = YES_ERROR;
				CLANG_WARN_DOCUMENTATION_COMMENTS = YES;
				CLANG_WARN_EMPTY_BODY = YES;
				CLANG_WARN_ENUM_CONVERSION = YES;
				CLANG_WARN_INFINITE_RECURSION = YES;
				CLANG_WARN_INT_CONVERSION = YES;
				CLANG_WARN_NON_LITERAL_NULL_CONVERSION = YES;
				CLANG_WARN_OBJC_IMPLICIT_RETAIN_SELF = YES;
				CLANG_WARN_OBJC_LITERAL_CONVERSION = YES;
				CLANG_WARN_OBJC_ROOT_CLASS = YES_ERROR;
				CLANG_WARN_RANGE_LOOP_ANALYSIS = YES;
				CLANG_WARN_STRICT_PROTOTYPES = YES;
				CLANG_WARN_SUSPICIOUS_MOVE = YES;
				CLANG_WARN_UNGUARDED_AVAILABILITY = YES_AGGRESSIVE;
				CLANG_WARN_UNREACHABLE_CODE = YES;
				CLANG_WARN__DUPLICATE_METHOD_MATCH = YES;
				CODE_SIGN_IDENTITY = "iPhone Developer";
				COPY_PHASE_STRIP = NO;
				DEBUG_INFORMATION_FORMAT = "dwarf-with-dsym";
				ENABLE_NS_ASSERTIONS = NO;
				ENABLE_STRICT_OBJC_MSGSEND = YES;
				GCC_C_LANGUAGE_STANDARD = gnu11;
				GCC_NO_COMMON_BLOCKS = YES;
				GCC_WARN_64_TO_32_BIT_CONVERSION = YES;
				GCC_WARN_ABOUT_RETURN_TYPE = YES_ERROR;
				GCC_WARN_UNDECLARED_SELECTOR = YES;
				GCC_WARN_UNINITIALIZED_AUTOS = YES_AGGRESSIVE;
				GCC_WARN_UNUSED_FUNCTION = YES;
				GCC_WARN_UNUSED_VARIABLE = YES;
				IPHONEOS_DEPLOYMENT_TARGET = 12.1;
				MTL_ENABLE_DEBUG_INFO = NO;
				MTL_FAST_MATH = YES;
				SDKROOT = iphoneos;
				SWIFT_COMPILATION_MODE = wholemodule;
				SWIFT_OPTIMIZATION_LEVEL = "-O";
				VALIDATE_PRODUCT = YES;
			};
			name = Release;
		};
		9C13EFDE21FC160000642F56 /* Debug */ = {
			isa = XCBuildConfiguration;
			buildSettings = {
				ASSETCATALOG_COMPILER_APPICON_NAME = AppIcon;
				CODE_SIGN_STYLE = Automatic;
				DEVELOPMENT_TEAM = 442555B9HD;
				INFOPLIST_FILE = "What to-do today?/Info.plist";
				LD_RUNPATH_SEARCH_PATHS = (
					"$(inherited)",
					"@executable_path/Frameworks",
				);
				PRODUCT_BUNDLE_IDENTIFIER = "uw.edu.What-to-do-today-";
				PRODUCT_NAME = "$(TARGET_NAME)";
				SWIFT_VERSION = 4.2;
				TARGETED_DEVICE_FAMILY = "1,2";
			};
			name = Debug;
		};
		9C13EFDF21FC160000642F56 /* Release */ = {
			isa = XCBuildConfiguration;
			buildSettings = {
				ASSETCATALOG_COMPILER_APPICON_NAME = AppIcon;
				CODE_SIGN_STYLE = Automatic;
				DEVELOPMENT_TEAM = 442555B9HD;
				INFOPLIST_FILE = "What to-do today?/Info.plist";
				LD_RUNPATH_SEARCH_PATHS = (
					"$(inherited)",
					"@executable_path/Frameworks",
				);
				PRODUCT_BUNDLE_IDENTIFIER = "uw.edu.What-to-do-today-";
				PRODUCT_NAME = "$(TARGET_NAME)";
				SWIFT_VERSION = 4.2;
				TARGETED_DEVICE_FAMILY = "1,2";
			};
			name = Release;
		};
		9C13EFE121FC160000642F56 /* Debug */ = {
			isa = XCBuildConfiguration;
			buildSettings = {
				ALWAYS_EMBED_SWIFT_STANDARD_LIBRARIES = YES;
				BUNDLE_LOADER = "$(TEST_HOST)";
				CODE_SIGN_STYLE = Automatic;
				INFOPLIST_FILE = "What to-do today?Tests/Info.plist";
				LD_RUNPATH_SEARCH_PATHS = (
					"$(inherited)",
					"@executable_path/Frameworks",
					"@loader_path/Frameworks",
				);
				PRODUCT_BUNDLE_IDENTIFIER = "uw.edu.What-to-do-today-Tests";
				PRODUCT_NAME = "$(TARGET_NAME)";
				SWIFT_VERSION = 4.2;
				TARGETED_DEVICE_FAMILY = "1,2";
				TEST_HOST = "$(BUILT_PRODUCTS_DIR)/What to-do today?.app/What to-do today?";
			};
			name = Debug;
		};
		9C13EFE221FC160000642F56 /* Release */ = {
			isa = XCBuildConfiguration;
			buildSettings = {
				ALWAYS_EMBED_SWIFT_STANDARD_LIBRARIES = YES;
				BUNDLE_LOADER = "$(TEST_HOST)";
				CODE_SIGN_STYLE = Automatic;
				INFOPLIST_FILE = "What to-do today?Tests/Info.plist";
				LD_RUNPATH_SEARCH_PATHS = (
					"$(inherited)",
					"@executable_path/Frameworks",
					"@loader_path/Frameworks",
				);
				PRODUCT_BUNDLE_IDENTIFIER = "uw.edu.What-to-do-today-Tests";
				PRODUCT_NAME = "$(TARGET_NAME)";
				SWIFT_VERSION = 4.2;
				TARGETED_DEVICE_FAMILY = "1,2";
				TEST_HOST = "$(BUILT_PRODUCTS_DIR)/What to-do today?.app/What to-do today?";
			};
			name = Release;
		};
		9C13EFE421FC160000642F56 /* Debug */ = {
			isa = XCBuildConfiguration;
			buildSettings = {
				ALWAYS_EMBED_SWIFT_STANDARD_LIBRARIES = YES;
				CODE_SIGN_STYLE = Automatic;
				INFOPLIST_FILE = "What to-do today?UITests/Info.plist";
				LD_RUNPATH_SEARCH_PATHS = (
					"$(inherited)",
					"@executable_path/Frameworks",
					"@loader_path/Frameworks",
				);
				PRODUCT_BUNDLE_IDENTIFIER = "uw.edu.What-to-do-today-UITests";
				PRODUCT_NAME = "$(TARGET_NAME)";
				SWIFT_VERSION = 4.2;
				TARGETED_DEVICE_FAMILY = "1,2";
				TEST_TARGET_NAME = "What to-do today?";
			};
			name = Debug;
		};
		9C13EFE521FC160000642F56 /* Release */ = {
			isa = XCBuildConfiguration;
			buildSettings = {
				ALWAYS_EMBED_SWIFT_STANDARD_LIBRARIES = YES;
				CODE_SIGN_STYLE = Automatic;
				INFOPLIST_FILE = "What to-do today?UITests/Info.plist";
				LD_RUNPATH_SEARCH_PATHS = (
					"$(inherited)",
					"@executable_path/Frameworks",
					"@loader_path/Frameworks",
				);
				PRODUCT_BUNDLE_IDENTIFIER = "uw.edu.What-to-do-today-UITests";
				PRODUCT_NAME = "$(TARGET_NAME)";
				SWIFT_VERSION = 4.2;
				TARGETED_DEVICE_FAMILY = "1,2";
				TEST_TARGET_NAME = "What to-do today?";
			};
			name = Release;
		};
/* End XCBuildConfiguration section */

/* Begin XCConfigurationList section */
		9C13EFAD21FC15FF00642F56 /* Build configuration list for PBXProject "What to-do today?" */ = {
			isa = XCConfigurationList;
			buildConfigurations = (
				9C13EFDB21FC160000642F56 /* Debug */,
				9C13EFDC21FC160000642F56 /* Release */,
			);
			defaultConfigurationIsVisible = 0;
			defaultConfigurationName = Release;
		};
		9C13EFDD21FC160000642F56 /* Build configuration list for PBXNativeTarget "What to-do today?" */ = {
			isa = XCConfigurationList;
			buildConfigurations = (
				9C13EFDE21FC160000642F56 /* Debug */,
				9C13EFDF21FC160000642F56 /* Release */,
			);
			defaultConfigurationIsVisible = 0;
			defaultConfigurationName = Release;
		};
		9C13EFE021FC160000642F56 /* Build configuration list for PBXNativeTarget "What to-do today?Tests" */ = {
			isa = XCConfigurationList;
			buildConfigurations = (
				9C13EFE121FC160000642F56 /* Debug */,
				9C13EFE221FC160000642F56 /* Release */,
			);
			defaultConfigurationIsVisible = 0;
			defaultConfigurationName = Release;
		};
		9C13EFE321FC160000642F56 /* Build configuration list for PBXNativeTarget "What to-do today?UITests" */ = {
			isa = XCConfigurationList;
			buildConfigurations = (
				9C13EFE421FC160000642F56 /* Debug */,
				9C13EFE521FC160000642F56 /* Release */,
			);
			defaultConfigurationIsVisible = 0;
			defaultConfigurationName = Release;
		};
/* End XCConfigurationList section */

/* Begin XCVersionGroup section */
		9C6D1248224763DE003A7FD9 /* DataModel.xcdatamodeld */ = {
			isa = XCVersionGroup;
			children = (
				9C6D1249224763DE003A7FD9 /* Model.xcdatamodel */,
			);
			currentVersion = 9C6D1249224763DE003A7FD9 /* Model.xcdatamodel */;
			path = DataModel.xcdatamodeld;
			sourceTree = "<group>";
			versionGroupType = wrapper.xcdatamodel;
		};
/* End XCVersionGroup section */
	};
	rootObject = 9C13EFAA21FC15FF00642F56 /* Project object */;
}
